{
  "version": "5",
  "specifiers": {
    "jsr:@astral/astral@~0.5.3": "0.5.4",
    "jsr:@deno-library/progress@^1.5.1": "1.5.1",
    "jsr:@deno/cache-dir@0.14": "0.14.0",
    "jsr:@deno/cache-dir@0.22.2": "0.22.2",
    "jsr:@deno/doc@0.172": "0.172.0",
    "jsr:@deno/esbuild-plugin@^1.2.0": "1.2.0",
    "jsr:@deno/graph@0.86": "0.86.9",
    "jsr:@deno/graph@~0.82.3": "0.82.3",
    "jsr:@deno/loader@~0.3.2": "0.3.6",
    "jsr:@deno/loader@~0.3.3": "0.3.6",
    "jsr:@marvinh-test/fresh-island@^0.0.3": "0.0.3",
    "jsr:@marvinh-test/import-json@^0.0.1": "0.0.1",
    "jsr:@std/assert@^1.0.13": "1.0.14",
    "jsr:@std/assert@^1.0.14": "1.0.14",
    "jsr:@std/async@1": "1.0.14",
    "jsr:@std/async@^1.0.13": "1.0.14",
    "jsr:@std/bytes@^1.0.5": "1.0.6",
    "jsr:@std/bytes@^1.0.6": "1.0.6",
    "jsr:@std/cli@1": "1.0.22",
    "jsr:@std/cli@^1.0.19": "1.0.22",
    "jsr:@std/collections@^1.1.2": "1.1.3",
    "jsr:@std/collections@^1.1.3": "1.1.3",
    "jsr:@std/dotenv@~0.225.5": "0.225.5",
    "jsr:@std/encoding@1": "1.0.10",
    "jsr:@std/encoding@^1.0.10": "1.0.10",
    "jsr:@std/expect@^1.0.16": "1.0.17",
    "jsr:@std/fmt@1": "1.0.8",
    "jsr:@std/fmt@1.0.3": "1.0.3",
    "jsr:@std/fmt@^1.0.3": "1.0.8",
    "jsr:@std/fmt@^1.0.7": "1.0.8",
    "jsr:@std/fmt@^1.0.8": "1.0.8",
    "jsr:@std/front-matter@^1.0.5": "1.0.9",
    "jsr:@std/fs@1": "1.0.19",
    "jsr:@std/fs@^1.0.19": "1.0.19",
    "jsr:@std/fs@^1.0.6": "1.0.19",
    "jsr:@std/html@1": "1.0.4",
    "jsr:@std/http@^1.0.15": "1.0.20",
    "jsr:@std/internal@^1.0.10": "1.0.10",
    "jsr:@std/internal@^1.0.9": "1.0.10",
    "jsr:@std/io@0.225": "0.225.2",
    "jsr:@std/io@0.225.0": "0.225.0",
    "jsr:@std/json@^1.0.2": "1.0.2",
    "jsr:@std/jsonc@1": "1.0.2",
    "jsr:@std/media-types@1": "1.1.0",
    "jsr:@std/path@1": "1.1.2",
    "jsr:@std/path@^1.0.8": "1.1.2",
    "jsr:@std/path@^1.1.1": "1.1.2",
    "jsr:@std/semver@1": "1.0.5",
    "jsr:@std/streams@1": "1.0.12",
    "jsr:@std/testing@^1.0.12": "1.0.15",
    "jsr:@std/toml@^1.0.3": "1.0.10",
    "jsr:@std/uuid@^1.0.7": "1.0.9",
    "jsr:@std/yaml@^1.0.5": "1.0.9",
    "jsr:@zip-js/zip-js@^2.7.52": "2.8.2"
  },
  "jsr": {
    "@astral/astral@0.5.4": {
      "integrity": "b720d12fe3d0f997974e0abe6b87ade2ce6ef2c76701e9984eb7e53601faa887",
      "dependencies": [
        "jsr:@deno-library/progress",
        "jsr:@deno/cache-dir@0.22.2",
        "jsr:@std/async@1",
        "jsr:@std/encoding@1",
        "jsr:@std/fs@1",
        "jsr:@std/path@1",
        "jsr:@zip-js/zip-js"
      ]
    },
    "@deno-library/progress@1.5.1": {
      "integrity": "966611826b8bb27baae73ab1c4fa4317cd4edd2abb99750cd6f8488d22d5b121",
      "dependencies": [
        "jsr:@std/fmt@1.0.3",
        "jsr:@std/io@0.225.0"
      ]
    },
    "@deno/cache-dir@0.14.0": {
      "integrity": "729f0b68e7fc96443c09c2c544b830ca70897bdd5168598446d752f7a4c731ad",
      "dependencies": [
        "jsr:@deno/graph@0.86",
        "jsr:@std/fmt@^1.0.3",
        "jsr:@std/fs@^1.0.6",
        "jsr:@std/io@0.225",
        "jsr:@std/path@^1.0.8"
      ]
    },
    "@deno/cache-dir@0.22.2": {
      "integrity": "0c84b8db6175618cc2e25ed7d7648d83b38e298c14c1aae1e4b4e1b2219b840c",
      "dependencies": [
        "jsr:@deno/graph@0.86",
        "jsr:@std/fmt@^1.0.3",
        "jsr:@std/fs@^1.0.6",
        "jsr:@std/io@0.225",
        "jsr:@std/path@^1.0.8"
      ]
    },
    "@deno/doc@0.172.0": {
      "integrity": "72a68ed533576a06feb930a84784ad9ba6d83ca9d581fc734d498c58e32b7cf5",
      "dependencies": [
        "jsr:@deno/cache-dir@0.14",
        "jsr:@deno/graph@~0.82.3"
      ]
    },
    "@deno/esbuild-plugin@1.2.0": {
      "integrity": "04ddd0fca9416d8a2866263928a53b9d5ed08dfca064d64504a0aaf9800c709e",
      "dependencies": [
        "jsr:@deno/loader@~0.3.3",
        "jsr:@std/path@^1.1.1"
      ]
    },
    "@deno/graph@0.82.3": {
      "integrity": "5c1fe944368172a9c87588ac81b82eb027ca78002a57521567e6264be322637e"
    },
    "@deno/graph@0.86.9": {
      "integrity": "c4f353a695bcc5246c099602977dabc6534eacea9999a35a8cb24e807192e6a1"
    },
    "@deno/loader@0.3.6": {
      "integrity": "98f08d837c18ece5ba15122264fb29580967407c34e6552e152b8f453a60c2be"
    },
    "@marvinh-test/fresh-island@0.0.3": {
      "integrity": "6d06b6009b7dfba9bba28e941e03e6ff652c4ef4f2fbfdf4b78741abd6c6c1c6"
    },
    "@marvinh-test/import-json@0.0.1": {
      "integrity": "12d3030cfb8406b71ea798249fee12f8617cb1259748092638a05b72a7727fcf"
    },
    "@std/assert@1.0.14": {
      "integrity": "68d0d4a43b365abc927f45a9b85c639ea18a9fab96ad92281e493e4ed84abaa4",
      "dependencies": [
        "jsr:@std/internal@^1.0.10"
      ]
    },
    "@std/async@1.0.14": {
      "integrity": "62e954a418652c704d37563a3e54a37d4cf0268a9dcaeac1660cc652880b5326"
    },
    "@std/bytes@1.0.6": {
      "integrity": "f6ac6adbd8ccd99314045f5703e23af0a68d7f7e58364b47d2c7f408aeb5820a"
    },
    "@std/cli@1.0.22": {
      "integrity": "50d1e4f87887cb8a8afa29b88505ab5081188f5cad3985460c3b471fa49ff21a"
    },
    "@std/collections@1.1.3": {
      "integrity": "bf8b0818886df6a32b64c7d3b037a425111f28278d69fd0995aeb62777c986b0"
    },
    "@std/dotenv@0.225.5": {
      "integrity": "9ce6f9d0ec3311f74a32535aa1b8c62ed88b1ab91b7f0815797d77a6f60c922f"
    },
    "@std/encoding@1.0.10": {
      "integrity": "8783c6384a2d13abd5e9e87a7ae0520a30e9f56aeeaa3bdf910a3eaaf5c811a1"
    },
    "@std/expect@1.0.17": {
      "integrity": "316b47dd65c33e3151344eb3267bf42efba17d1415425f07ed96185d67fc04d9",
      "dependencies": [
        "jsr:@std/assert@^1.0.14",
        "jsr:@std/internal@^1.0.10"
      ]
    },
    "@std/fmt@1.0.3": {
      "integrity": "97765c16aa32245ff4e2204ecf7d8562496a3cb8592340a80e7e554e0bb9149f"
    },
    "@std/fmt@1.0.8": {
      "integrity": "71e1fc498787e4434d213647a6e43e794af4fd393ef8f52062246e06f7e372b7"
    },
    "@std/front-matter@1.0.9": {
      "integrity": "ee6201d06674cbef137dda2252f62477450b48249e7d8d9ab57a30f85ff6f051",
      "dependencies": [
        "jsr:@std/toml",
        "jsr:@std/yaml"
      ]
    },
    "@std/fs@1.0.19": {
      "integrity": "051968c2b1eae4d2ea9f79a08a3845740ef6af10356aff43d3e2ef11ed09fb06",
      "dependencies": [
        "jsr:@std/internal@^1.0.9",
        "jsr:@std/path@^1.1.1"
      ]
    },
    "@std/html@1.0.4": {
      "integrity": "eff3497c08164e6ada49b7f81a28b5108087033823153d065e3f89467dd3d50e"
    },
    "@std/http@1.0.20": {
      "integrity": "b5cc33fc001bccce65ed4c51815668c9891c69ccd908295997e983d8f56070a1",
      "dependencies": [
        "jsr:@std/encoding@^1.0.10"
      ]
    },
    "@std/internal@1.0.10": {
      "integrity": "e3be62ce42cab0e177c27698e5d9800122f67b766a0bea6ca4867886cbde8cf7"
    },
    "@std/io@0.225.0": {
      "integrity": "c1db7c5e5a231629b32d64b9a53139445b2ca640d828c26bf23e1c55f8c079b3"
    },
    "@std/io@0.225.2": {
      "integrity": "3c740cd4ee4c082e6cfc86458f47e2ab7cb353dc6234d5e9b1f91a2de5f4d6c7",
      "dependencies": [
        "jsr:@std/bytes@^1.0.5"
      ]
    },
    "@std/json@1.0.2": {
      "integrity": "d9e5497801c15fb679f55a2c01c7794ad7a5dfda4dd1bebab5e409cb5e0d34d4"
    },
    "@std/jsonc@1.0.2": {
      "integrity": "909605dae3af22bd75b1cbda8d64a32cf1fd2cf6efa3f9e224aba6d22c0f44c7",
      "dependencies": [
        "jsr:@std/json"
      ]
    },
    "@std/media-types@1.1.0": {
      "integrity": "c9d093f0c05c3512932b330e3cc1fe1d627b301db33a4c2c2185c02471d6eaa4"
    },
    "@std/path@1.1.2": {
      "integrity": "c0b13b97dfe06546d5e16bf3966b1cadf92e1cc83e56ba5476ad8b498d9e3038",
      "dependencies": [
        "jsr:@std/internal@^1.0.10"
      ]
    },
    "@std/semver@1.0.5": {
      "integrity": "529f79e83705714c105ad0ba55bec0f9da0f24d2f726b6cc1c15e505cc2c0624"
    },
    "@std/streams@1.0.12": {
      "integrity": "ae925fa1dc459b1abf5cbaa28cc5c7b0485853af3b2a384b0dc22d86e59dfbf4",
      "dependencies": [
        "jsr:@std/bytes@^1.0.6"
      ]
    },
    "@std/testing@1.0.15": {
      "integrity": "a490169f5ccb0f3ae9c94fbc69d2cd43603f2cffb41713a85f99bbb0e3087cbc",
      "dependencies": [
        "jsr:@std/assert@^1.0.13",
        "jsr:@std/fs@^1.0.19",
        "jsr:@std/internal@^1.0.10",
        "jsr:@std/path@^1.1.1"
      ]
    },
    "@std/toml@1.0.10": {
      "integrity": "87b2b7ff95afe7209a868732eb013a2707be29a15229f5b57bb13eededff4655",
      "dependencies": [
        "jsr:@std/collections@^1.1.3"
      ]
    },
    "@std/uuid@1.0.9": {
      "integrity": "44b627bf2d372fe1bd099e2ad41b2be41a777fc94e62a3151006895a037f1642",
      "dependencies": [
        "jsr:@std/bytes@^1.0.6"
      ]
    },
    "@std/yaml@1.0.9": {
      "integrity": "6bad3dc766dd85b4b37eabcba81b6aa4eac7a392792ae29abcfb0f90602d55bb"
    },
    "@zip-js/zip-js@2.8.2": {
      "integrity": "e25fb34fe2d8fbae9ebf08b550200f3f199a2a41c9420c4d1405b79053efe73a"
    }
  },
  "redirects": {
    "https://esm.sh/@types/react@~19.0.7/index.d.ts": "https://esm.sh/@types/react@19.0.14/index.d.ts",
    "https://github.com/denoland/std/raw/refs/heads/main/_tools/check_docs.ts": "https://raw.githubusercontent.com/denoland/std/refs/heads/main/_tools/check_docs.ts"
  },
  "remote": {
    "https://deno.land/std@0.120.0/async/deadline.ts": "1d6ac7aeaee22f75eb86e4e105d6161118aad7b41ae2dd14f4cfd3bf97472b93",
    "https://deno.land/std@0.120.0/async/debounce.ts": "b2f693e4baa16b62793fd618de6c003b63228db50ecfe3bd51fc5f6dc0bc264b",
    "https://deno.land/std@0.120.0/async/deferred.ts": "ab60d46ba561abb3b13c0c8085d05797a384b9f182935f051dc67136817acdee",
    "https://deno.land/std@0.120.0/async/delay.ts": "f2d8ccaa8ebc26594bd8b0989edfd8a96257a714c1dee2fb54d986e5bdd840ac",
    "https://deno.land/std@0.120.0/async/mod.ts": "78425176fabea7bd1046ce3819fd69ce40da85c83e0f174d17e8e224a91f7d10",
    "https://deno.land/std@0.120.0/async/mux_async_iterator.ts": "62abff3af9ff619e8f2adc96fc70d4ca020fa48a50c23c13f12d02ed2b760dbe",
    "https://deno.land/std@0.120.0/async/pool.ts": "353ce4f91865da203a097aa6f33de8966340c91b6f4a055611c8c5d534afd12f",
    "https://deno.land/std@0.120.0/async/tee.ts": "3e9f2ef6b36e55188de16a667c702ace4ad0cf84e3720379160e062bf27348ad",
    "https://deno.land/std@0.120.0/http/http_status.ts": "2ff185827bff21c7be2807fcb09a6a2166464ba57fcd94afe805abab8e09070a",
    "https://deno.land/std@0.120.0/http/server.ts": "d0be8a9da160255623e645f5b515fa1c6b65eecfbb9cad87ef8002d4f8d56616",
    "https://deno.land/std@0.143.0/_util/assert.ts": "e94f2eb37cebd7f199952e242c77654e43333c1ac4c5c700e929ea3aa5489f74",
    "https://deno.land/std@0.143.0/datetime/formatter.ts": "7c8e6d16a0950f400aef41b9f1eb9168249869776ec520265dfda785d746589e",
    "https://deno.land/std@0.143.0/datetime/mod.ts": "dcab9ae7be83cbf74b7863e83bd16e7c646a8dea2f019092905630eb7a545739",
    "https://deno.land/std@0.143.0/datetime/tokenizer.ts": "7381e28f6ab51cb504c7e132be31773d73ef2f3e1e50a812736962b9df1e8c47",
    "https://deno.land/std@0.143.0/http/cookie.ts": "526f27762fad7bf84fbe491de7eba7c406057501eec6edcad7884a16b242fddf",
    "https://deno.land/x/case@2.1.1/lowerCase.ts": "86d5533f9587ed60003181591e40e648838c23f371edfa79d00288153d113b16",
    "https://deno.land/x/case@2.1.1/normalCase.ts": "6a8b924da9ab0790d99233ae54bfcfc996d229cb91b2533639fe20972cc33dac",
    "https://deno.land/x/case@2.1.1/snakeCase.ts": "ee2ab4e2c931d30bb79190d090c21eb5c00d1de1b7a9a3e7f33e035ae431333b",
    "https://deno.land/x/case@2.1.1/types.ts": "8e2bd6edaa27c0d1972c0d5b76698564740f37b4d3787d58d1fb5f48de611e61",
    "https://deno.land/x/case@2.1.1/vendor/camelCaseRegexp.ts": "7d9ff02aad4ab6429eeab7c7353f7bcdd6cc5909a8bd3dda97918c8bbb7621ae",
    "https://deno.land/x/case@2.1.1/vendor/camelCaseUpperRegexp.ts": "292de54a698370f90adcdf95727993d09888b7f33d17f72f8e54ba75f7791787",
    "https://deno.land/x/case@2.1.1/vendor/nonWordRegexp.ts": "c1a052629a694144b48c66b0175a22a83f4d61cb40f4e45293fc5d6b123f927e",
    "https://deno.land/x/imagescript@1.3.0/ImageScript.js": "cf90773c966031edd781ed176c598f7ed495e7694cd9b86c986d2d97f783cca0",
    "https://deno.land/x/imagescript@1.3.0/mod.ts": "18a6cb83c55e690c873505f6fe867364c678afb64934fe7aef593a6b92f79995",
    "https://deno.land/x/imagescript@1.3.0/png/src/crc.mjs": "5cf50de181d61dd00e66a240d811018ba5070afa8bba302f393604404604de84",
    "https://deno.land/x/imagescript@1.3.0/png/src/mem.mjs": "4968d400dae069b4bf0ef4767c1802fd2cc7d15d90eda4cfadf5b4cd19b96c6d",
    "https://deno.land/x/imagescript@1.3.0/png/src/png.mjs": "96ef0ceff1b5a6cd9304749e5f187b4ab238509fb5f9a8be8ee934240271ed8d",
    "https://deno.land/x/imagescript@1.3.0/png/src/zlib.mjs": "9867dc3fab1d31b664f9344b0d7e977f493d9c912a76c760d012ed2b89f7061c",
    "https://deno.land/x/imagescript@1.3.0/utils/buffer.js": "952cb1beb8827e50a493a5d1f29a4845e8c648789406d389dd51f51205ba02d8",
    "https://deno.land/x/imagescript@1.3.0/utils/crc32.js": "573d6222b3605890714ebc374e687ec2aa3e9a949223ea199483e47ca4864f7d",
    "https://deno.land/x/imagescript@1.3.0/utils/png.js": "fbed9117e0a70602645d70df9c103ff6e79c03e987bd5c1685dcb4200729b6de",
    "https://deno.land/x/imagescript@1.3.0/utils/wasm/font.js": "9e75d842608c057045698d6a7cdf5ffd27241b5cdea0391c89a1917b31294524",
    "https://deno.land/x/imagescript@1.3.0/utils/wasm/gif.js": "8b86f7b96486bb8ff50fbc7c7487f86cb5cef85e6acd71e1def78a1aa2f12e4f",
    "https://deno.land/x/imagescript@1.3.0/utils/wasm/jpeg.js": "75295e2fcf96b4f7bb894b3844fdaa8140d63169d28b466b5d5be89d59a7b6e6",
    "https://deno.land/x/imagescript@1.3.0/utils/wasm/png.js": "0659536a8dd8f892c8346e268b2754b4414fad0ec1e9794dfcde1ba1c804ee02",
    "https://deno.land/x/imagescript@1.3.0/utils/wasm/svg.js": "f5c8a9d1977b51a7c07549ceb6bbbaca9497321a193f28b3dc229a42d91bcf14",
    "https://deno.land/x/imagescript@1.3.0/utils/wasm/tiff.js": "c2d7bdaef094df25aae1752e75167f485e89275d76a1379e39d8949580b7af4f",
    "https://deno.land/x/imagescript@1.3.0/utils/wasm/zlib.js": "749875f83abffe24d3b977475a0cbd5f9b52bee1fbdbef61ec183cbfc17805f6",
    "https://deno.land/x/imagescript@1.3.0/v2/framebuffer.mjs": "add44ff184636659714b3c6d4b896f628545451abffbc30b5bcc2e8d9a73d012",
    "https://deno.land/x/imagescript@1.3.0/v2/ops/blur.mjs": "80716f1ffab8a2aeb54a036f583bf51a2b9dd37e005adc000add803df8e8a12f",
    "https://deno.land/x/imagescript@1.3.0/v2/ops/color.mjs": "5e72cdcbf97dc939a2795223f01e3cb0544c0c56b03ea2aa026050df58348814",
    "https://deno.land/x/imagescript@1.3.0/v2/ops/crop.mjs": "69431fa6f687fd9f0c31eff0ec27d7ac925275005e53a37f0c3fab4cc4d9a9ea",
    "https://deno.land/x/imagescript@1.3.0/v2/ops/fill.mjs": "cf1b9488314753fbc9ebf03410ac74c2a34ea5a69fb6892cd6e8366cd1930d93",
    "https://deno.land/x/imagescript@1.3.0/v2/ops/flip.mjs": "825a34a66567dcf15e76a719f1bf2f66fb106503cd69942292b1b0ae05c5718e",
    "https://deno.land/x/imagescript@1.3.0/v2/ops/index.mjs": "423ba687119be2bba8cec72890577d3afa3621b6b8108912242fe937a183f2aa",
    "https://deno.land/x/imagescript@1.3.0/v2/ops/iterator.mjs": "c2adf3d90ce00719a02c48c97634574176a3501ff026676259bd71aa8f5d69b9",
    "https://deno.land/x/imagescript@1.3.0/v2/ops/overlay.mjs": "7e6e2c2ffd25006d52597ab8babc5f8f503d388a3fdf2fbc0eaea02799a020c9",
    "https://deno.land/x/imagescript@1.3.0/v2/ops/resize.mjs": "814e78ebce8eaf8f1f918688db7b52a141405e06a36ed4b25d04413d69e7d17b",
    "https://deno.land/x/imagescript@1.3.0/v2/ops/rotate.mjs": "a1b65616717bd2eed8db406affea3263b4674dada46b56441ef38167a187455d",
    "https://deno.land/x/imagescript@1.3.0/v2/util/mem.mjs": "4968d400dae069b4bf0ef4767c1802fd2cc7d15d90eda4cfadf5b4cd19b96c6d",
    "https://esm.sh/@docsearch/js@3.5.2?target=es2020": "4bad084f771a1923fe042ece62a9078f482f8642cb0b1acb890905e58586fee7",
    "https://raw.githubusercontent.com/denoland/ga4/main/mod.ts": "36f72ba1c90b5ebdb811427f367cd95fa6772d2de2fb45d6e57550501ee6d476",
    "https://raw.githubusercontent.com/denoland/std/refs/heads/main/_tools/check_docs.ts": "e0bf3d0ddbea93e769f0ad24f16ef2c42311c489165c9e0de9d0876d0411ffdc",
    "https://raw.githubusercontent.com/denoland/std/refs/heads/main/_tools/utils.ts": "c2e38ed7e7a9a8c0fbaf8d70aa808fb02f2cbb5e71ef18d634feb4b479c6a001"
  },
  "workspace": {
    "dependencies": [
      "jsr:@astral/astral@~0.5.3",
      "jsr:@deno/doc@0.172",
      "jsr:@deno/esbuild-plugin@^1.2.0",
      "jsr:@fresh/build-id@1",
      "jsr:@fresh/core@2",
      "jsr:@marvinh-test/fresh-island@^0.0.3",
      "jsr:@std/async@^1.0.13",
      "jsr:@std/cli@^1.0.19",
      "jsr:@std/collections@^1.1.2",
      "jsr:@std/dotenv@~0.225.5",
      "jsr:@std/encoding@1",
      "jsr:@std/expect@^1.0.16",
      "jsr:@std/fmt@^1.0.7",
      "jsr:@std/front-matter@^1.0.5",
      "jsr:@std/fs@1",
      "jsr:@std/html@1",
      "jsr:@std/http@^1.0.15",
      "jsr:@std/jsonc@1",
      "jsr:@std/media-types@1",
      "jsr:@std/path@1",
      "jsr:@std/semver@1",
      "jsr:@std/streams@1",
      "jsr:@std/testing@^1.0.12",
      "jsr:@std/uuid@^1.0.7",
      "npm:@opentelemetry/api@^1.9.0",
      "npm:@preact/signals@^2.2.1",
      "npm:@supabase/postgrest-js@^1.21.4",
      "npm:@tailwindcss/postcss@^4.1.10",
      "npm:@types/mime-db@^1.43.6",
      "npm:@types/node@^24.3.0",
      "npm:@types/pg@^8.15.5",
      "npm:@types/prismjs@^1.26.5",
      "npm:esbuild-wasm@0.25.7",
      "npm:esbuild@0.25.7",
      "npm:github-slugger@2",
      "npm:linkedom@~0.18.10",
      "npm:marked-mangle@^1.1.9",
      "npm:marked@^15.0.11",
      "npm:mime-db@^1.54.0",
      "npm:postcss@8.5.6",
      "npm:preact-render-to-string@^6.5.11",
      "npm:preact@^10.27.0",
      "npm:prismjs@^1.29.0",
      "npm:redis@^5.8.2",
      "npm:rollup@^4.50.0",
      "npm:tailwindcss@^4.1.10",
      "npm:ts-morph@26",
      "npm:vite@^7.1.5"
    ],
    "members": {
      "packages/build-id": {
        "dependencies": [
          "jsr:@std/encoding@^1.0.10"
        ]
      },
      "packages/examples": {
        "dependencies": [
          "jsr:@fresh/core@2",
          "npm:@preact/signals@^2.2.1",
          "npm:preact@^10.27.0"
        ]
      },
      "packages/fresh": {
        "dependencies": [
          "jsr:@std/fmt@^1.0.8",
          "npm:@types/node@^24.2.1"
        ]
      },
      "packages/init-templates": {
        "dependencies": [
          "jsr:@std/cli@1",
          "jsr:@std/fmt@1",
          "jsr:@std/fs@1",
          "jsr:@std/jsonc@1",
          "jsr:@std/path@1",
          "jsr:@std/semver@1"
        ]
      },
      "packages/plugin-tailwindcss-v3": {
        "dependencies": [
          "npm:autoprefixer@^10.4.21",
          "npm:cssnano@^6.1.2",
          "npm:postcss@^8.5.6",
          "npm:tailwindcss@^3.4.17"
        ]
      },
      "packages/plugin-vite": {
        "dependencies": [
          "jsr:@deno/loader@~0.3.2",
          "jsr:@fresh/core@2",
          "jsr:@marvinh-test/import-json@^0.0.1",
          "npm:@babel/core@^7.28.0",
          "npm:@babel/preset-react@^7.27.1",
          "npm:@mjackson/node-fetch-server@0.7",
          "npm:@prefresh/vite@^2.4.8",
          "npm:@radix-ui/themes@^3.2.1",
          "npm:@tailwindcss/vite@^4.1.12",
          "npm:@types/babel__core@^7.20.5",
          "npm:@types/node@^24.1.0",
          "npm:feed@^5.1.0",
          "npm:ioredis@^5.7.0",
          "npm:mime-db@^1.54.0",
          "npm:pg@^8.16.3",
          "npm:preact@^10.26.9",
          "npm:rollup-plugin-visualizer@^6.0.3",
          "npm:vite-plugin-inspect@^11.3.2",
          "npm:vite@^7.1.4"
        ]
      },
      "www": {
        "dependencies": [
          "npm:@tailwindcss/vite@^4.1.12",
          "npm:vite-plugin-inspect@^11.3.2",
          "npm:vite@^7.1.4"
        ]
      }
    }
  }
}
