{
  "version": "2",
  "remote": {
    "https://deno.land/std@0.120.0/async/deadline.ts": "1d6ac7aeaee22f75eb86e4e105d6161118aad7b41ae2dd14f4cfd3bf97472b93",
    "https://deno.land/std@0.120.0/async/debounce.ts": "b2f693e4baa16b62793fd618de6c003b63228db50ecfe3bd51fc5f6dc0bc264b",
    "https://deno.land/std@0.120.0/async/deferred.ts": "ab60d46ba561abb3b13c0c8085d05797a384b9f182935f051dc67136817acdee",
    "https://deno.land/std@0.120.0/async/delay.ts": "f2d8ccaa8ebc26594bd8b0989edfd8a96257a714c1dee2fb54d986e5bdd840ac",
    "https://deno.land/std@0.120.0/async/mod.ts": "78425176fabea7bd1046ce3819fd69ce40da85c83e0f174d17e8e224a91f7d10",
    "https://deno.land/std@0.120.0/async/mux_async_iterator.ts": "62abff3af9ff619e8f2adc96fc70d4ca020fa48a50c23c13f12d02ed2b760dbe",
    "https://deno.land/std@0.120.0/async/pool.ts": "353ce4f91865da203a097aa6f33de8966340c91b6f4a055611c8c5d534afd12f",
    "https://deno.land/std@0.120.0/async/tee.ts": "3e9f2ef6b36e55188de16a667c702ace4ad0cf84e3720379160e062bf27348ad",
    "https://deno.land/std@0.120.0/http/http_status.ts": "2ff185827bff21c7be2807fcb09a6a2166464ba57fcd94afe805abab8e09070a",
    "https://deno.land/std@0.120.0/http/server.ts": "d0be8a9da160255623e645f5b515fa1c6b65eecfbb9cad87ef8002d4f8d56616",
    "https://deno.land/std@0.140.0/_util/assert.ts": "e94f2eb37cebd7f199952e242c77654e43333c1ac4c5c700e929ea3aa5489f74",
    "https://deno.land/std@0.140.0/_util/os.ts": "3b4c6e27febd119d36a416d7a97bd3b0251b77c88942c8f16ee5953ea13e2e49",
    "https://deno.land/std@0.140.0/fs/_util.ts": "0fb24eb4bfebc2c194fb1afdb42b9c3dda12e368f43e8f2321f84fc77d42cb0f",
    "https://deno.land/std@0.140.0/fs/ensure_dir.ts": "9dc109c27df4098b9fc12d949612ae5c9c7169507660dcf9ad90631833209d9d",
    "https://deno.land/std@0.140.0/fs/expand_glob.ts": "0c10130d67c9b02164b03df8e43c6d6defbf8e395cb69d09e84a8586e6d72ac3",
    "https://deno.land/std@0.140.0/fs/walk.ts": "117403ccd21fd322febe56ba06053b1ad5064c802170f19b1ea43214088fe95f",
    "https://deno.land/std@0.140.0/path/_constants.ts": "df1db3ffa6dd6d1252cc9617e5d72165cd2483df90e93833e13580687b6083c3",
    "https://deno.land/std@0.140.0/path/_interface.ts": "ee3b431a336b80cf445441109d089b70d87d5e248f4f90ff906820889ecf8d09",
    "https://deno.land/std@0.140.0/path/_util.ts": "c1e9686d0164e29f7d880b2158971d805b6e0efc3110d0b3e24e4b8af2190d2b",
    "https://deno.land/std@0.140.0/path/common.ts": "bee563630abd2d97f99d83c96c2fa0cca7cee103e8cb4e7699ec4d5db7bd2633",
    "https://deno.land/std@0.140.0/path/glob.ts": "cb5255638de1048973c3e69e420c77dc04f75755524cb3b2e160fe9277d939ee",
    "https://deno.land/std@0.140.0/path/mod.ts": "d3e68d0abb393fb0bf94a6d07c46ec31dc755b544b13144dee931d8d5f06a52d",
    "https://deno.land/std@0.140.0/path/posix.ts": "293cdaec3ecccec0a9cc2b534302dfe308adb6f10861fa183275d6695faace44",
    "https://deno.land/std@0.140.0/path/separator.ts": "fe1816cb765a8068afb3e8f13ad272351c85cbc739af56dacfc7d93d710fe0f9",
    "https://deno.land/std@0.140.0/path/win32.ts": "31811536855e19ba37a999cd8d1b62078235548d67902ece4aa6b814596dd757",
    "https://deno.land/std@0.143.0/_util/assert.ts": "e94f2eb37cebd7f199952e242c77654e43333c1ac4c5c700e929ea3aa5489f74",
    "https://deno.land/std@0.143.0/datetime/formatter.ts": "7c8e6d16a0950f400aef41b9f1eb9168249869776ec520265dfda785d746589e",
    "https://deno.land/std@0.143.0/datetime/mod.ts": "dcab9ae7be83cbf74b7863e83bd16e7c646a8dea2f019092905630eb7a545739",
    "https://deno.land/std@0.143.0/datetime/tokenizer.ts": "7381e28f6ab51cb504c7e132be31773d73ef2f3e1e50a812736962b9df1e8c47",
    "https://deno.land/std@0.143.0/http/cookie.ts": "526f27762fad7bf84fbe491de7eba7c406057501eec6edcad7884a16b242fddf",
    "https://deno.land/std@0.173.0/_util/asserts.ts": "178dfc49a464aee693a7e285567b3d0b555dc805ff490505a8aae34f9cfb1462",
    "https://deno.land/std@0.173.0/_util/os.ts": "d932f56d41e4f6a6093d56044e29ce637f8dcc43c5a90af43504a889cf1775e3",
    "https://deno.land/std@0.173.0/path/_constants.ts": "e49961f6f4f48039c0dfed3c3f93e963ca3d92791c9d478ac5b43183413136e0",
    "https://deno.land/std@0.173.0/path/_interface.ts": "6471159dfbbc357e03882c2266d21ef9afdb1e4aa771b0545e90db58a0ba314b",
    "https://deno.land/std@0.173.0/path/_util.ts": "86c2375a996c1931b2f2ac71fefd5ddf0cf0e579fa4ab12d3e4c552d4223b8d8",
    "https://deno.land/std@0.173.0/path/common.ts": "ee7505ab01fd22de3963b64e46cff31f40de34f9f8de1fff6a1bd2fe79380000",
    "https://deno.land/std@0.173.0/path/glob.ts": "d479e0a695621c94d3fd7fe7abd4f9499caf32a8de13f25073451c6ef420a4e1",
    "https://deno.land/std@0.173.0/path/mod.ts": "4b83694ac500d7d31b0cdafc927080a53dc0c3027eb2895790fb155082b0d232",
    "https://deno.land/std@0.173.0/path/posix.ts": "0874b341c2c6968ca38d323338b8b295ea1dae10fa872a768d812e2e7d634789",
    "https://deno.land/std@0.173.0/path/separator.ts": "0fb679739d0d1d7bf45b68dacfb4ec7563597a902edbaf3c59b50d5bcadd93b1",
    "https://deno.land/std@0.173.0/path/win32.ts": "672942919dd66ce1b8c224e77d3447e2ad8254eaff13fe6946420a9f78fa141e",
    "https://deno.land/std@0.178.0/_util/asserts.ts": "178dfc49a464aee693a7e285567b3d0b555dc805ff490505a8aae34f9cfb1462",
    "https://deno.land/std@0.178.0/_util/os.ts": "d932f56d41e4f6a6093d56044e29ce637f8dcc43c5a90af43504a889cf1775e3",
    "https://deno.land/std@0.178.0/async/abortable.ts": "73acfb3ed7261ce0d930dbe89e43db8d34e017b063cf0eaa7d215477bf53442e",
    "https://deno.land/std@0.178.0/async/deadline.ts": "c5facb0b404eede83e38bd2717ea8ab34faa2ffb20ef87fd261fcba32ba307aa",
    "https://deno.land/std@0.178.0/async/debounce.ts": "adab11d04ca38d699444ac8a9d9856b4155e8dda2afd07ce78276c01ea5a4332",
    "https://deno.land/std@0.178.0/async/deferred.ts": "42790112f36a75a57db4a96d33974a936deb7b04d25c6084a9fa8a49f135def8",
    "https://deno.land/std@0.178.0/async/delay.ts": "73aa04cec034c84fc748c7be49bb15cac3dd43a57174bfdb7a4aec22c248f0dd",
    "https://deno.land/std@0.178.0/async/mod.ts": "f04344fa21738e5ad6bea37a6bfffd57c617c2d372bb9f9dcfd118a1b622e576",
    "https://deno.land/std@0.178.0/async/mux_async_iterator.ts": "70c7f2ee4e9466161350473ad61cac0b9f115cff4c552eaa7ef9d50c4cbb4cc9",
    "https://deno.land/std@0.178.0/async/pool.ts": "fd082bd4aaf26445909889435a5c74334c017847842ec035739b4ae637ae8260",
    "https://deno.land/std@0.178.0/async/retry.ts": "5efa3ba450ac0c07a40a82e2df296287b5013755d232049efd7ea2244f15b20f",
    "https://deno.land/std@0.178.0/async/tee.ts": "47e42d35f622650b02234d43803d0383a89eb4387e1b83b5a40106d18ae36757",
    "https://deno.land/std@0.178.0/bytes/copy.ts": "939d89e302a9761dcf1d9c937c7711174ed74c59eef40a1e4569a05c9de88219",
    "https://deno.land/std@0.178.0/encoding/_yaml/dumper/dumper.ts": "49053c293a2250b33f2efc0ce3973280c6dc3bc0b41397af3863b5f03340e01b",
    "https://deno.land/std@0.178.0/encoding/_yaml/dumper/dumper_state.ts": "975a3702752a29251c5746206507dfebbfede60dd2c0dec161dc22633fbc6085",
    "https://deno.land/std@0.178.0/encoding/_yaml/error.ts": "e60ab51d7c0253cf0d1cf7d445202e8e3da5c77aae0032071ba7400121c281b4",
    "https://deno.land/std@0.178.0/encoding/_yaml/loader/loader.ts": "13ec5aecca06b46105c1ca7053c13ef7ea7ab557893a81bc98338a0a532f27fe",
    "https://deno.land/std@0.178.0/encoding/_yaml/loader/loader_state.ts": "fcc82fcdf167acb0e9e5e32b32682e58b45f2d44210bf685794797ccb5621232",
    "https://deno.land/std@0.178.0/encoding/_yaml/mark.ts": "0027d6f62a70a6c64b85bd1751ddf1646ea97edcefbf5bea1706d5e519f4e34f",
    "https://deno.land/std@0.178.0/encoding/_yaml/parse.ts": "63e79582e07145ca1d3205d1ac72b82bf5ce14159dabae195abe7e36de8111bd",
    "https://deno.land/std@0.178.0/encoding/_yaml/schema.ts": "0833c75c59bf72c8a8f96f6c0615bcd98d23fdd9b076657f42b5c1a4f9d972b0",
    "https://deno.land/std@0.178.0/encoding/_yaml/schema/core.ts": "366f56673336ba24f5723c04319efcc7471be5f55d5f8d95c9b4a38ec233d4c6",
    "https://deno.land/std@0.178.0/encoding/_yaml/schema/default.ts": "96e9ed6ead36f53a0832c542fc9b8cca7f8b4a67c1c8424e1423a39ee7154db7",
    "https://deno.land/std@0.178.0/encoding/_yaml/schema/extended.ts": "f9bd75c79ebdfb92a8e167488b6bde7113a31b8fabe20ad7eed0904fba11bcd2",
    "https://deno.land/std@0.178.0/encoding/_yaml/schema/failsafe.ts": "cddcbf0258bbe0cd77ca10e2f5aec13439f50d4068f96aab08ca2d64496dabe8",
    "https://deno.land/std@0.178.0/encoding/_yaml/schema/json.ts": "c86905dfb1b6c4633750bfbb5bd529a30be5c08287ab7eb6694390b40e276487",
    "https://deno.land/std@0.178.0/encoding/_yaml/schema/mod.ts": "051f93dd97a15aaad2da62bd24627e8fd2f02fb026d21567d924b720d606f078",
    "https://deno.land/std@0.178.0/encoding/_yaml/state.ts": "ef03d55ec235d48dcfbecc0ab3ade90bfae69a61094846e08003421c2cf5cfc6",
    "https://deno.land/std@0.178.0/encoding/_yaml/stringify.ts": "426b73e4dbaeed26ed855add3862786d7e374bd4c59e5e1bd9a6fcd5082be3c7",
    "https://deno.land/std@0.178.0/encoding/_yaml/type.ts": "5ded5472a0f17a219ac3b0e90d96dc8472a68654a40258a31e03a6c6297b6788",
    "https://deno.land/std@0.178.0/encoding/_yaml/type/binary.ts": "935d39794420ac3718d26716192239de6a53566c6f2ba5010e8ed26936b94a89",
    "https://deno.land/std@0.178.0/encoding/_yaml/type/bool.ts": "1c99cfbaa94b022575b636a73e1549569b26fc6bbff2cd5e539aa77b49bdf303",
    "https://deno.land/std@0.178.0/encoding/_yaml/type/float.ts": "f60ad19b27050add694bfc255b7efef27103f047861aa657823ff3f6853bad11",
    "https://deno.land/std@0.178.0/encoding/_yaml/type/function.ts": "65a37f6bef43ef141854ee48a1058d9c9c4c80ed6eed6cd35608329a6957e27a",
    "https://deno.land/std@0.178.0/encoding/_yaml/type/int.ts": "892f59bb7b2dbd64dd9b643c17441af95c0b962ad027e454cb84a68864787b86",
    "https://deno.land/std@0.178.0/encoding/_yaml/type/map.ts": "92e647a6aec0dc184ea4b039a77a15883b54da754311189c595b43f6aaa50030",
    "https://deno.land/std@0.178.0/encoding/_yaml/type/merge.ts": "8192bf3e4d637f32567917f48bb276043da9cf729cf594e5ec191f7cd229337e",
    "https://deno.land/std@0.178.0/encoding/_yaml/type/mod.ts": "060e2b3d38725094b77ea3a3f05fc7e671fced8e67ca18e525be98c4aa8f4bbb",
    "https://deno.land/std@0.178.0/encoding/_yaml/type/nil.ts": "606e8f0c44d73117c81abec822f89ef81e40f712258c74f186baa1af659b8887",
    "https://deno.land/std@0.178.0/encoding/_yaml/type/omap.ts": "fbd5da9970c211335ff7c8fa11e9c5e9256e568d52418ac237d1538c5cb0d5e6",
    "https://deno.land/std@0.178.0/encoding/_yaml/type/pairs.ts": "ea487a44c0ae64d8d952779fa1cb5fa0a12f32a0b5d3d1e8c1f06f446448427c",
    "https://deno.land/std@0.178.0/encoding/_yaml/type/regexp.ts": "672000d22a1062d61577d30b218c28f5cb1d039a7a60079fdde6a4e558d5ca51",
    "https://deno.land/std@0.178.0/encoding/_yaml/type/seq.ts": "39b28f7c7aa41263c5c42cab9d184f03555e9ba19493766afc0c0c325a9ac49f",
    "https://deno.land/std@0.178.0/encoding/_yaml/type/set.ts": "0e30a9f750306b514c8ae9869d1ac2548d57beab55b33e85ea9673ca0a08264c",
    "https://deno.land/std@0.178.0/encoding/_yaml/type/str.ts": "a67a3c6e429d95041399e964015511779b1130ea5889fa257c48457bd3446e31",
    "https://deno.land/std@0.178.0/encoding/_yaml/type/timestamp.ts": "706ea80a76a73e48efaeb400ace087da1f927647b53ad6f754f4e06d51af087f",
    "https://deno.land/std@0.178.0/encoding/_yaml/type/undefined.ts": "94a316ca450597ccbc6750cbd79097ad0d5f3a019797eed3c841a040c29540ba",
    "https://deno.land/std@0.178.0/encoding/_yaml/utils.ts": "26b311f0d42a7ce025060bd6320a68b50e52fd24a839581eb31734cd48e20393",
    "https://deno.land/std@0.178.0/encoding/front_matter/mod.ts": "086d2c2f20e8b20bad9c02daa270333439441c1509959c79f7ab792dff394b39",
    "https://deno.land/std@0.178.0/encoding/front_matter/yaml.ts": "c0293a9599dd5a8af53a1567c829eb23c35f364744ae7b19a3cd28c6e6b3c68d",
    "https://deno.land/std@0.178.0/encoding/yaml.ts": "02571d1bbbcfd7c5647789cee872ecf9c1c470e1b1a40948ed219fb661e19d87",
    "https://deno.land/std@0.178.0/flags/mod.ts": "d1cdefa18472ef69858a17df5cf7c98445ed27ac10e1460183081303b0ebc270",
    "https://deno.land/std@0.178.0/fs/_util.ts": "65381f341af1ff7f40198cee15c20f59951ac26e51ddc651c5293e24f9ce6f32",
    "https://deno.land/std@0.178.0/fs/walk.ts": "ea95ffa6500c1eda6b365be488c056edc7c883a1db41ef46ec3bf057b1c0fe32",
    "https://deno.land/std@0.178.0/http/http_status.ts": "8a7bcfe3ac025199ad804075385e57f63d055b2aed539d943ccc277616d6f932",
    "https://deno.land/std@0.178.0/http/server.ts": "cbb17b594651215ba95c01a395700684e569c165a567e4e04bba327f41197433",
    "https://deno.land/std@0.178.0/io/buffer.ts": "e2b7564f684dad625cab08f5106f33572d325705d19a36822b3272fbdfb8f726",
    "https://deno.land/std@0.178.0/media_types/_db.ts": "7606d83e31f23ce1a7968cbaee852810c2cf477903a095696cdc62eaab7ce570",
    "https://deno.land/std@0.178.0/media_types/_util.ts": "916efbd30b6148a716f110e67a4db29d6949bf4048997b754415dd7e42c52378",
    "https://deno.land/std@0.178.0/media_types/content_type.ts": "c682589a0aeb016bfed355cc1ed6fbb3ead2ea48fc0000ac5de6a5730613ad1c",
    "https://deno.land/std@0.178.0/media_types/extension.ts": "7a4ef2813d7182f724a941f38161525996e4a67abc3cf6a0f9bc2168d73a0f0e",
    "https://deno.land/std@0.178.0/media_types/extensions_by_type.ts": "4358023feac696e6e9d49c0f1e76a859f03ca254df57812f31f8536890c3a443",
    "https://deno.land/std@0.178.0/media_types/format_media_type.ts": "1e35e16562e5c417401ffc388a9f8f421f97f0ee06259cbe990c51bae4e6c7a8",
    "https://deno.land/std@0.178.0/media_types/get_charset.ts": "8be15a1fd31a545736b91ace56d0e4c66ea0d7b3fdc5c90760e8202e7b4b1fad",
    "https://deno.land/std@0.178.0/media_types/mod.ts": "d3f0b99f85053bc0b98ecc24eaa3546dfa09b856dc0bbaf60d8956d2cdd710c8",
    "https://deno.land/std@0.178.0/media_types/parse_media_type.ts": "bed260d868ea271445ae41d748e7afed9b5a7f407d2777ead08cecf73e9278de",
    "https://deno.land/std@0.178.0/media_types/type_by_extension.ts": "6076a7fc63181d70f92ec582fdea2c927eb2cfc7f9c9bee9d6add2aca86f2355",
    "https://deno.land/std@0.178.0/media_types/vendor/mime-db.v1.52.0.ts": "6925bbcae81ca37241e3f55908d0505724358cda3384eaea707773b2c7e99586",
    "https://deno.land/std@0.178.0/path/_constants.ts": "e49961f6f4f48039c0dfed3c3f93e963ca3d92791c9d478ac5b43183413136e0",
    "https://deno.land/std@0.178.0/path/_interface.ts": "6471159dfbbc357e03882c2266d21ef9afdb1e4aa771b0545e90db58a0ba314b",
    "https://deno.land/std@0.178.0/path/_util.ts": "d7abb1e0dea065f427b89156e28cdeb32b045870acdf865833ba808a73b576d0",
    "https://deno.land/std@0.178.0/path/common.ts": "ee7505ab01fd22de3963b64e46cff31f40de34f9f8de1fff6a1bd2fe79380000",
    "https://deno.land/std@0.178.0/path/glob.ts": "d479e0a695621c94d3fd7fe7abd4f9499caf32a8de13f25073451c6ef420a4e1",
    "https://deno.land/std@0.178.0/path/mod.ts": "4b83694ac500d7d31b0cdafc927080a53dc0c3027eb2895790fb155082b0d232",
    "https://deno.land/std@0.178.0/path/posix.ts": "8b7c67ac338714b30c816079303d0285dd24af6b284f7ad63da5b27372a2c94d",
    "https://deno.land/std@0.178.0/path/separator.ts": "0fb679739d0d1d7bf45b68dacfb4ec7563597a902edbaf3c59b50d5bcadd93b1",
    "https://deno.land/std@0.178.0/path/win32.ts": "d186344e5583bcbf8b18af416d13d82b35a317116e6460a5a3953508c3de5bba",
    "https://deno.land/std@0.178.0/semver/mod.ts": "409a2691f5a411c34e917c1e6d445a6d1d53f3fadf660e44a99dd0bf9b2ef412",
    "https://deno.land/std@0.178.0/types.d.ts": "220ed56662a0bd393ba5d124aa6ae2ad36a00d2fcbc0e8666a65f4606aaa9784",
    "https://deno.land/x/case@2.1.1/lowerCase.ts": "86d5533f9587ed60003181591e40e648838c23f371edfa79d00288153d113b16",
    "https://deno.land/x/case@2.1.1/normalCase.ts": "6a8b924da9ab0790d99233ae54bfcfc996d229cb91b2533639fe20972cc33dac",
    "https://deno.land/x/case@2.1.1/snakeCase.ts": "ee2ab4e2c931d30bb79190d090c21eb5c00d1de1b7a9a3e7f33e035ae431333b",
    "https://deno.land/x/case@2.1.1/types.ts": "8e2bd6edaa27c0d1972c0d5b76698564740f37b4d3787d58d1fb5f48de611e61",
    "https://deno.land/x/case@2.1.1/vendor/camelCaseRegexp.ts": "7d9ff02aad4ab6429eeab7c7353f7bcdd6cc5909a8bd3dda97918c8bbb7621ae",
    "https://deno.land/x/case@2.1.1/vendor/camelCaseUpperRegexp.ts": "292de54a698370f90adcdf95727993d09888b7f33d17f72f8e54ba75f7791787",
    "https://deno.land/x/case@2.1.1/vendor/nonWordRegexp.ts": "c1a052629a694144b48c66b0175a22a83f4d61cb40f4e45293fc5d6b123f927e",
    "https://deno.land/x/code_block_writer@11.0.3/mod.ts": "2c3448060e47c9d08604c8f40dee34343f553f33edcdfebbf648442be33205e5",
    "https://deno.land/x/code_block_writer@11.0.3/utils/string_utils.ts": "60cb4ec8bd335bf241ef785ccec51e809d576ff8e8d29da43d2273b69ce2a6ff",
    "https://deno.land/x/denoflate@1.2.1/mod.ts": "f5628e44b80b3d80ed525afa2ba0f12408e3849db817d47a883b801f9ce69dd6",
    "https://deno.land/x/denoflate@1.2.1/pkg/denoflate.js": "b9f9ad9457d3f12f28b1fb35c555f57443427f74decb403113d67364e4f2caf4",
    "https://deno.land/x/denoflate@1.2.1/pkg/denoflate_bg.wasm.js": "d581956245407a2115a3d7e8d85a9641c032940a8e810acbd59ca86afd34d44d",
    "https://deno.land/x/emoji@0.2.1/all.json": "9beb741e050f6eaeab2e4529517a68fd55f4cde98d9a5008c5ef5537e4d2ddb5",
    "https://deno.land/x/emoji@0.2.1/emoji.ts": "59baa579fead2ea631cde96aefa03689ee2f1241ab76398965eddc5c66096047",
    "https://deno.land/x/emoji@0.2.1/mod.ts": "733bed20d9489f91fd16823bc0bff4943d995d7f1fdae6fea458b3e0927bde96",
    "https://deno.land/x/emoji@0.2.1/types.ts": "5897345f500088c719a35388c5b192bc5d93fc2c13e37d94eafa8ff3480edd17",
    "https://deno.land/x/emoji@0.2.1/unicode.ts": "ac8079e8e1da66ae9e601c1fdd0e7641120c2b07ca7bd2875e65fe23e16e6199",
    "https://deno.land/x/esbuild@v0.17.11/mod.d.ts": "dc279a3a46f084484453e617c0cabcd5b8bd1920c0e562e4ea02dfc828c8f968",
    "https://deno.land/x/esbuild@v0.17.11/mod.js": "4f4e61964a551d9c0baf5bb19e973cf631cf8c66ddaf01e70070f8a100fc938c",
    "https://deno.land/x/esbuild@v0.17.11/wasm.d.ts": "dc279a3a46f084484453e617c0cabcd5b8bd1920c0e562e4ea02dfc828c8f968",
    "https://deno.land/x/esbuild@v0.17.11/wasm.js": "4030e7b50941ec6e06704c6b5f1f6416cc0f7f35f63daf63f184b728bea79a30",
    "https://deno.land/x/gfm@0.2.1/deps.ts": "41f6f25cc563925271e242ad71bfa9909b8c22a41d678bff639ee5499659f30b",
    "https://deno.land/x/gfm@0.2.1/mod.ts": "7e476e318a985396c9b55efe55f4c881f63b163596d3f3716f7fc8be1a6e66a8",
    "https://deno.land/x/gfm@0.2.1/style.js": "86de9308f5d108ee0976e296260eb634c7477a11a9bebf44e6f863a5b8fb6d6d",
    "https://deno.land/x/importmap@0.2.1/_util.ts": "ada9a9618b537e6c0316c048a898352396c882b9f2de38aba18fd3f2950ede89",
    "https://deno.land/x/importmap@0.2.1/mod.ts": "ae3d1cd7eabd18c01a4960d57db471126b020f23b37ef14e1359bbb949227ade",
    "https://deno.land/x/tabler_icons_tsx@0.0.1/tsx/books.tsx": "8736f94dd439f700c7a7dc25951083957d95a4cd2257b2fe97378b311c5be55f",
    "https://deno.land/x/tabler_icons_tsx@0.0.1/tsx/brand-github.tsx": "9d0d78307f0a82f35c472b0d7067ed455dbeab3e247ef6e844397a5596d94f44",
    "https://deno.land/x/tabler_icons_tsx@0.0.1/tsx/lemon-2.tsx": "7b576d80c43c4a1f92bd62fcdcbb7570e8f79df321f6f39eaf42e4140dba0b7e",
    "https://deno.land/x/tabler_icons_tsx@0.0.2/tsx/air-balloon.tsx": "b6dc5ad487ca05bffdb832bc70b1d0c4dbb77994f462fa8340de4017b5ded5b5",
    "https://deno.land/x/tabler_icons_tsx@0.0.2/tsx/alarm.tsx": "3d8338caa9441ca0d98a33d21e38cc5e44eb1b089c9b30035ac6d6b62f296c6a",
    "https://deno.land/x/tabler_icons_tsx@0.0.2/tsx/armchair.tsx": "8faf7bbfa5ad689da0467a39e2df745e46b6d14237f1fff442e79ee83b2976d7",
    "https://deno.land/x/tabler_icons_tsx@0.0.2/tsx/chevron-right.tsx": "b8a9458d17e2fe52253b107aba77c7a741d44f2414f2a1e88ea3078cdd99704a",
    "https://deno.land/x/tabler_icons_tsx@0.0.2/tsx/heart.tsx": "3240437662e8eb12dc8a70127c127a2616c8fd83e026e7857c6fc986baffcb59",
    "https://deno.land/x/tabler_icons_tsx@0.0.2/tsx/mood-crazy-happy.tsx": "eceaef9321d975c2984f4c7e687eb995a01c86da544c1cf217d67e6dcf243ae0",
    "https://deno.land/x/tabler_icons_tsx@0.0.3/tsx/circle-chevrons-left.tsx": "4d507c43adc9a7b4fcb701acbdd88d19f6ee9111bbbff1e5f332e84115b2cadb",
    "https://deno.land/x/tabler_icons_tsx@0.0.3/tsx/circle-chevrons-right.tsx": "422fb5b4b413958117dfa36c32b207d2f88b8ff86ea0aa6c3d1499a3399d9771",
    "https://deno.land/x/ts_morph@17.0.1/common/DenoRuntime.ts": "537800e840d0994f9055164e11bf33eadf96419246af0d3c453793c3ae67bdb3",
    "https://deno.land/x/ts_morph@17.0.1/common/mod.ts": "01985d2ee7da8d1caee318a9d07664774fbee4e31602bc2bb6bb62c3489555ed",
    "https://deno.land/x/ts_morph@17.0.1/common/ts_morph_common.d.ts": "ee7767b0c68b23c65bb607c94b6cb3512e8237fbcb7d1d8383a33235cde2c068",
    "https://deno.land/x/ts_morph@17.0.1/common/ts_morph_common.js": "49a79124b941ba2b35d81ac9eb90fc33c957b2640cdb97569c1941bac5a3bbdb",
    "https://deno.land/x/ts_morph@17.0.1/common/typescript.d.ts": "57e52a0882af4e835473dda27e4316cc31149866970210f9f79b940e916b7838",
    "https://deno.land/x/ts_morph@17.0.1/common/typescript.js": "5dd669eb199ee2a539924c63a92e23d95df43dfe2fbe3a9d68c871648be1ad5e",
    "https://deno.land/x/ts_morph@17.0.1/mod.ts": "adba9b82f24865d15d2c78ef6074b9a7457011719056c9928c800f130a617c93",
    "https://deno.land/x/ts_morph@17.0.1/ts_morph.d.ts": "a54b0c51b06d84defedf5fdd59c773d803808ae7c9678f7165f7a1a6dfa7f6a3",
    "https://deno.land/x/ts_morph@17.0.1/ts_morph.js": "1bb80284b9e31a4c5c2078cd533fe9b12b4b2d710267055cb655225aa88fb2df",
    "https://esm.sh/*@preact/signals@1.1.3": "655530f7061124f679d7427c97d636163ef920bce3a8492e56bf6fc0b09e101f",
    "https://esm.sh/*preact-render-to-string@5.2.6": "c92a8573b5d4f34e6cb418c84a294634fdec0e5840ae2daa289e62d8d2048bbb",
    "https://esm.sh/@docsearch/js@3.3.3": "5f73c03ab24413f843ede7cf0642a283ca927c38f06606f6eb7f4deac8c51b03",
    "https://esm.sh/@preact/signals-core@1.2.3": "b95b059824e729b3a4b50e86c13cc4447bf0de86eb9bd06be90b0d2288e6ffb9",
    "https://esm.sh/he@1.2.0": "f517a4df80aea05ebcfe91ce88194062d7f76b3789d92694e40baf33ec7adbea",
    "https://esm.sh/katex@0.16.4/dist/katex.mjs": "eff6461a86fed00f1bd58ef8e5caf2f21d3bc9656f771e134bd7bbaeec7630b4",
    "https://esm.sh/marked@4.2.12": "c07d16caa43886a7abb0884f2fcff7acf76b984792c1808a79f010601d3474e8",
    "https://esm.sh/preact@10.13.1": "ae382301328ab874e2c42bee76e261bb8d094673fe76ca7eb71917636d43d8ad",
    "https://esm.sh/preact@10.13.1/hooks": "1813f80c6d648f8137a62569e35972b0716f92539f192d6db66d45b7aafea43a",
    "https://esm.sh/preact@10.13.1/jsx-runtime": "0caf2b2eade93af59e89abc31816b6cb2829a9b8a82b958c0ebc1d8bec241e2a",
    "https://esm.sh/prismjs@1.27.0": "c32599f0f6327bd52bfe5cb418a3594d07321739adfcca052e7050bad30d657a",
    "https://esm.sh/prismjs@1.27.0/components/prism-typescript?no-check": "9561701ded9a2200c10eabf1d32df5a359a26a09564bb77c312ddf44a45112d6",
    "https://esm.sh/prismjs@1.29.0": "23c8d787b540a70752a511d25e8c84719514d216500268438fd93e4284919e19",
    "https://esm.sh/prismjs@1.29.0/components/prism-diff.js?no-check": "88db2d6caf7c1fee2743132e87905c5a895cf3a13cf0715453b7f5e37d5030f4",
    "https://esm.sh/prismjs@1.29.0/components/prism-jsx.js?no-check": "7211229f48b6977ec5fe22842b46945d064534f0c775300519d336a8cce604e1",
    "https://esm.sh/prismjs@1.29.0/components/prism-tsx.js?no-check": "3dc26267f69b7ed556e27d675245d4d64c2a5cefb6d8d7e195fbcd705639ad70",
    "https://esm.sh/prismjs@1.29.0/components/prism-typescript.js?no-check": "12da23d21bef1ee18e9399410fb4ab3f023b5cceaa128ce91e0848278b9a7dca",
    "https://esm.sh/sanitize-html@2.8.1?target=esnext": "27097be1e64ea93cb2641dcb9daeb9ad965c482f58dfb85def2a2139a5fa4007",
    "https://esm.sh/stable/preact@10.13.1/deno/hooks.js": "f25445c4f9fa6742119c41db4a85a2f75ee6ea941c506ae8ad3b1568c7692c61",
    "https://esm.sh/stable/preact@10.13.1/deno/jsx-runtime.js": "7c8e1b8f272996846cbac0837dcb71f6f8cfc82611b3f7819501d07c37383dc0",
    "https://esm.sh/stable/preact@10.13.1/deno/preact.mjs": "9b73545225d0ed274c89f39aee524a2857c81a73060e80c2c4bdc2a6de7bec26",
    "https://esm.sh/twind@0.16.19": "c19516e533d986da197088d26caed035d91dc1b2c25a22078f3af212a7da51de",
    "https://esm.sh/twind@0.16.19/colors": "e0dfd47be2191e08b662a2f8800e0f08cc795b3d4115bd2fb01f77067c5b0573",
    "https://esm.sh/twind@0.16.19/sheets": "3fdebfe17be9fd2dfeef7b818cade6a2fa6db876167a9b8c3913da993e1c11ea",
    "https://esm.sh/v104/csstype@3.1.1/index.d.ts": "1c29793071152b207c01ea1954e343be9a44d85234447b2b236acae9e709a383",
    "https://esm.sh/v104/style-vendorizer@2.2.3/deno/style-vendorizer.js": "bacdb96f034bbdae11a8d90427a6d49270d28d5939f02dbf0e7d0e52491ff9e3",
    "https://esm.sh/v104/twind@0.16.19/colors/colors.d.ts": "5d718e9e958b108054073182c3a6b3a8c8352b4c9b2c520a15bdb56bac56868f",
    "https://esm.sh/v104/twind@0.16.19/deno/colors.js": "ddf041c04987bce1e5f3d8a7868dc79d0ee66e46801463d22dc4cc318199e5f5",
    "https://esm.sh/v104/twind@0.16.19/deno/sheets.js": "7da65867362f9cbf34ef24bfe75a935ee0aaf3d41192e8c05d932e4180ebba57",
    "https://esm.sh/v104/twind@0.16.19/deno/twind.js": "f96f4d09889d5e75f4ee3eb5ddb6e37894528c3e97ab1a174398093a08eb7981",
    "https://esm.sh/v104/twind@0.16.19/sheets/sheets.d.ts": "e99b7096ca0032cf7909c0f9af0910785742a7c0219b271938304515c2c9a380",
    "https://esm.sh/v104/twind@0.16.19/twind.d.ts": "95edc427d16b49bd0ca94351c9ffb4bc141fbf391192b464ef91f938cd20e669",
    "https://esm.sh/v107/@types/marked@4.0.8/index.d.ts": "0b2fcecb260110d36514d4a845e10d98d19ae62f19ff18a5fc0181c31e1be8ef",
    "https://esm.sh/v107/@types/prismjs@1.26.0/index.d.ts": "6484309596f594ae824513336bd2a2e04a1902b06bb149fa904f5cae5fbe5c50",
    "https://esm.sh/v107/@types/sanitize-html@2.8.0/index.d.ts": "c0bf96f163be71ebb5c5c518ef1bf65b71acbe5ec59db16f2ecf7d643bb0fe00",
    "https://esm.sh/v107/deepmerge@4.3.0/esnext/deepmerge.js": "1053d20bc869ab9630c86845b3591638b8dc9307573e3ec24685984bece0ef0f",
    "https://esm.sh/v107/dom-serializer@2.0.0/esnext/dom-serializer.js": "a512ce657cfd7e58d54ed5448fbb331f77de3f64f81e7780e259d238e59dc73f",
    "https://esm.sh/v107/dom-serializer@2.0.0/lib/index.d.ts": "a3ac5bf48b440c939b473fa04878b8493c6cb24b819a20d403c0271739536311",
    "https://esm.sh/v107/domelementtype@2.3.0/esnext/domelementtype.js": "3f7a549f51dc040adaf18c010b016c8edb7ba0db03190059d4d13cbdb0827467",
    "https://esm.sh/v107/domelementtype@2.3.0/lib/index.d.ts": "e307d69c2e131e39db6038b4bd51916c6cd787e01d730ad0c28c60491d0accf2",
    "https://esm.sh/v107/domhandler@5.0.3/esnext/domhandler.js": "3ef52fa354542eb7332af8450730067101d375987f6f7ffe98689210eabfc063",
    "https://esm.sh/v107/domhandler@5.0.3/lib/index.d.ts": "587a74d5be3d1ff7904170380e0a40e69ca29c3186e88c9f360462a920051348",
    "https://esm.sh/v107/domhandler@5.0.3/lib/node.d.ts": "3eb68f38ab0a4e65cb807e84970faaea67055e723eb89958606e193bc9a73e90",
    "https://esm.sh/v107/domutils@3.0.1/esnext/domutils.js": "4b30ae4111203c01562678a7284d9b3f7239e8731831f4076143034ef1c416b5",
    "https://esm.sh/v107/domutils@3.0.1/lib/feeds.d.ts": "284615bfaf6ad4229da517abd3dc427bfcc15d27300cde72ffa77e027c9819d6",
    "https://esm.sh/v107/domutils@3.0.1/lib/helpers.d.ts": "c35f5fb1a1ace5cf072636583a99d1f2aff5b58e31245f6e62846149e04eb68f",
    "https://esm.sh/v107/domutils@3.0.1/lib/index.d.ts": "0c781b1f7e97e57880fd2d99eac860c1829f00f4619b6c487e18ab87b10ff1b4",
    "https://esm.sh/v107/domutils@3.0.1/lib/legacy.d.ts": "9f2c893901a6c3032e46af63cd9d50641014620625ed2bbf979dbe8789152a5d",
    "https://esm.sh/v107/domutils@3.0.1/lib/manipulation.d.ts": "dc5352a0c9b374cf3edf363749b289e14ec2672e64f037fe3e26da0ef2840f8f",
    "https://esm.sh/v107/domutils@3.0.1/lib/querying.d.ts": "7a95a2d036c6994d3aa840550784bce81ef963ac4dfa26c94f7f1c727ce2e001",
    "https://esm.sh/v107/domutils@3.0.1/lib/stringify.d.ts": "991ad66e03a8a7a9fdff43d57ef36fb39f9d981447d6257e709676d85a00ddc1",
    "https://esm.sh/v107/domutils@3.0.1/lib/traversal.d.ts": "d869c1fd868bc41531b3bde54602de33d7a5518932d4ddfcb3660d2e448ff8ed",
    "https://esm.sh/v107/entities@4.4.0/esnext/entities.js": "5ee1484285150209a21f35be6e69717b363d355a9739557e2baae068e171a92e",
    "https://esm.sh/v107/entities@4.4.0/esnext/lib/decode.js": "3a85c5c2ec8cac39ce7c37c3867c1df4aef7a9617ddb6619e0ca48876a275ba2",
    "https://esm.sh/v107/escape-string-regexp@4.0.0/esnext/escape-string-regexp.js": "917ceb5011655d1587c8fc6a8a2c510e18977498f434bc5356337292d05d52b1",
    "https://esm.sh/v107/htmlparser2@8.0.1/esnext/htmlparser2.js": "cbd0320bce9cfcee397a44059c99f28d9d3134b09e75380d8daef4bd255e2c1e",
    "https://esm.sh/v107/htmlparser2@8.0.1/lib/Parser.d.ts": "9055d451e782af8e471d588d05c3d9196a0f5c0f94c61c8f9dca34ba87ab1146",
    "https://esm.sh/v107/htmlparser2@8.0.1/lib/Tokenizer.d.ts": "41787f4904cb436cf92cba22f574829aeb7a527138e1dd228a2084e796c11bb8",
    "https://esm.sh/v107/htmlparser2@8.0.1/lib/index.d.ts": "4f6e9d12c2bcb2358df771441d27ccac0efbe3d33c6acab335259a924685d1e2",
    "https://esm.sh/v107/is-plain-object@5.0.0/esnext/is-plain-object.js": "756206c57be3426af6d859fe64eb7e60780436c047726f0b1e2edabc68bbcdcd",
    "https://esm.sh/v107/marked@4.2.12/deno/marked.js": "2c2d44704a86109f787fe0ceda32e8c056fb7bfd4f48a92a531f30f882a089fb",
    "https://esm.sh/v107/nanoid@3.3.4/esnext/non-secure.js": "0512d7dddf1297d6acada3daa5a22a31c2bb72b8273d77efae1bf8ce2a72e142",
    "https://esm.sh/v107/node_buffer.js": "445d389cb8c9f9fad5ff869ca2c2a863d178d410795ebd5f2f39d9a029156d56",
    "https://esm.sh/v107/node_events.js": "507b1d9405b8384264d683e0508416c4be85498e65d32d0fcf64d6d353a30151",
    "https://esm.sh/v107/node_process.js": "138682d1c2af338932526443b7513103b898a9460d3e461ee315d3a68060342a",
    "https://esm.sh/v107/parse-srcset@1.0.2/esnext/parse-srcset.js": "2b7d1e56160a271678c181575ac21f93707ba3e3cfde5020583a71fb77da2bfa",
    "https://esm.sh/v107/picocolors@1.0.0/esnext/picocolors.js": "a1a6402f18e145d7d8773a17b9493f69533cfac9d32282fcb3860d9fbf054bcc",
    "https://esm.sh/v107/postcss@8.4.21/esnext/postcss.js": "4431e6393aabef32a8c227f963410da5368c0fdaea09f8cb7a124db12bbed544",
    "https://esm.sh/v107/prismjs@1.29.0/deno/prismjs.js": "63b4329e6a5e728e2ed68010ebfe8284276d4e4d24bf8260d98b1e6c48921e00",
    "https://esm.sh/v107/sanitize-html@2.8.1/esnext/sanitize-html.js": "03ff7cc46269af714ed4ae6f8ab58c2c1688623e6859b6c112aa7c263ad2772d",
    "https://esm.sh/v110/@algolia/autocomplete-core@1.7.4/dist/esm/createAutocomplete.d.ts": "40d25b677d93f889c9ec36cab02a15345f2321493b0e3083ad5d3e3dc25c4799",
    "https://esm.sh/v110/@algolia/autocomplete-core@1.7.4/dist/esm/getDefaultProps.d.ts": "5ebcf6591f3e233c919b033e6256dd71b06f0064e8af66859e0d0091f1a10784",
    "https://esm.sh/v110/@algolia/autocomplete-core@1.7.4/dist/esm/index.d.ts": "d91816f6cc1526ff89d22f3fff3e616c68f26440938ec09698b5afeeeb4bbd59",
    "https://esm.sh/v110/@algolia/autocomplete-core@1.7.4/dist/esm/types/AutocompleteApi.d.ts": "cb188b4892f733af137d8cb3b39669acd1c614fe6a683cb5229251e48014fce7",
    "https://esm.sh/v110/@algolia/autocomplete-core@1.7.4/dist/esm/types/AutocompleteCollection.d.ts": "074905d16b4014a32726ee8cbcd8ac17dcf1e5a2b4b931d91c12cbd0b410f3bf",
    "https://esm.sh/v110/@algolia/autocomplete-core@1.7.4/dist/esm/types/AutocompleteContext.d.ts": "98874d4bc3e2af71a70696e4938d2c0b947bf3d8315e0ef23db184433c9934f3",
    "https://esm.sh/v110/@algolia/autocomplete-core@1.7.4/dist/esm/types/AutocompleteEnvironment.d.ts": "c3c441d8456d1bc31fe0bb10e320bfea6817c72a970cd9e40b8e8fcda10cbd51",
    "https://esm.sh/v110/@algolia/autocomplete-core@1.7.4/dist/esm/types/AutocompleteNavigator.d.ts": "dbc10d15b0c0c7db7017b08f3759d4eb60e03be15e2f709ea2787efc0df4bf7d",
    "https://esm.sh/v110/@algolia/autocomplete-core@1.7.4/dist/esm/types/AutocompleteOptions.d.ts": "464a3094497c7cc7fbcd71321d52d81bcd6a94e6fb93bbcd7ff039cbb8dc3a9a",
    "https://esm.sh/v110/@algolia/autocomplete-core@1.7.4/dist/esm/types/AutocompletePlugin.d.ts": "a32c037accc805759e265478e88e5506b43ccd7955526e6200fd8f4474753a39",
    "https://esm.sh/v110/@algolia/autocomplete-core@1.7.4/dist/esm/types/AutocompletePropGetters.d.ts": "76e1726938ca7a5ccf93ed6a96dd202f5bd1a974cd12beb6a8d9627cb4d6ed1c",
    "https://esm.sh/v110/@algolia/autocomplete-core@1.7.4/dist/esm/types/AutocompleteReshape.d.ts": "cc62ce7a0a5114e1655ee6a0239460ec2602b3fee0a5cb3c6978f783904f265c",
    "https://esm.sh/v110/@algolia/autocomplete-core@1.7.4/dist/esm/types/AutocompleteSetters.d.ts": "a203379a8b918f0df3b0d5ad095d982707407a3b6427e3bb64117381ef4fd7ff",
    "https://esm.sh/v110/@algolia/autocomplete-core@1.7.4/dist/esm/types/AutocompleteSource.d.ts": "858688e8e0edefcba1ad51507fe131e94aa8efb9ef8c01cf4cf58d643bd27caa",
    "https://esm.sh/v110/@algolia/autocomplete-core@1.7.4/dist/esm/types/AutocompleteState.d.ts": "20dc286fe86ff808cba0a7cc72eb07aa0c6b60b311fea07e113e1a1051f46bbe",
    "https://esm.sh/v110/@algolia/autocomplete-core@1.7.4/dist/esm/types/AutocompleteStore.d.ts": "16351d27d7b74906d876df4919066add5f06d632e1b9d06c1731eea000ff01ca",
    "https://esm.sh/v110/@algolia/autocomplete-core@1.7.4/dist/esm/types/AutocompleteSubscribers.d.ts": "aa1932ca15f99b42f1ad91906518c916fd163dcd5806b363ad5eda684bd44b06",
    "https://esm.sh/v110/@algolia/autocomplete-core@1.7.4/dist/esm/types/index.d.ts": "10156717d691626059cca3ed4942cd48b5022356a3f6f5fb40a9c3099dd198aa",
    "https://esm.sh/v110/@algolia/autocomplete-core@1.7.4/dist/esm/utils/createCancelablePromise.d.ts": "403f527dad17f9eded7043230a1a5a5ccfdf11fe928f9f3f5b1369f4ce882f60",
    "https://esm.sh/v110/@algolia/autocomplete-core@1.7.4/dist/esm/utils/createCancelablePromiseList.d.ts": "58f60f773b29494bd0144cabcb2fee53a97d42d5721be316e05f6c48e4b1a2ee",
    "https://esm.sh/v110/@algolia/autocomplete-core@1.7.4/dist/esm/utils/createConcurrentSafePromise.d.ts": "ea948f988068d85677e9855353dfd03b7abb6da27d965f189cf65abeb3db0fd1",
    "https://esm.sh/v110/@algolia/autocomplete-core@1.7.4/dist/esm/utils/getActiveItem.d.ts": "b9f98072c4a8f97b42c14a9f56fc05d73b5f1a4deeef8b0b06f00eb24034279b",
    "https://esm.sh/v110/@algolia/autocomplete-core@1.7.4/dist/esm/utils/getNextActiveItemId.d.ts": "98bab473d4dac9cc8661d27766f3b434448502525c39b87d765ededea19b0b54",
    "https://esm.sh/v110/@algolia/autocomplete-core@1.7.4/dist/esm/utils/getNormalizedSources.d.ts": "4c12a574bef42333e34d880a27050ac925ae0224dcb9163324c5f2370a085971",
    "https://esm.sh/v110/@algolia/autocomplete-core@1.7.4/dist/esm/utils/index.d.ts": "aca1b2687ab04010da6f9ae326f02c741dedef7a1c884c69742603e3b8882daf",
    "https://esm.sh/v110/@algolia/autocomplete-core@1.7.4/dist/esm/utils/isOrContainsNode.d.ts": "4cbc005058899e5feed65b3d2d6957b4e909bc6ffec2a8f3918e023d285affdf",
    "https://esm.sh/v110/@algolia/autocomplete-core@1.7.4/dist/esm/utils/isSamsung.d.ts": "74a97040d1ee1aee275b556af4220b58cdf991bd2d51f762951a4226964632b9",
    "https://esm.sh/v110/@algolia/autocomplete-core@1.7.4/dist/esm/utils/mapToAlgoliaResponse.d.ts": "2391f25169d7aa7deb386fcd83be3252cdc3a751e0e13d61ffc1e23ef039a618",
    "https://esm.sh/v110/@algolia/autocomplete-preset-algolia@1.7.4/dist/esm/highlight/HighlightedHit.d.ts": "c0b570e4c4f62740e8bffeb1d48cd0dbd61b60dbab7d9ec8e919ecae1935652d",
    "https://esm.sh/v110/@algolia/autocomplete-preset-algolia@1.7.4/dist/esm/highlight/ParseAlgoliaHitParams.d.ts": "f2f8bd0eaf042958627dc59a672f190da32ad82c17b49124beea0d1f7b6cb9ac",
    "https://esm.sh/v110/@algolia/autocomplete-preset-algolia@1.7.4/dist/esm/highlight/ParsedAttribute.d.ts": "2dcad576f12410daeed9147a4b6be186fc387a820a7e907742177f1e5b1c4e66",
    "https://esm.sh/v110/@algolia/autocomplete-preset-algolia@1.7.4/dist/esm/highlight/SnippetedHit.d.ts": "9eb359f0fe6ed741eeaa84cca2d7f691203e7462d774f373352af4423ebedad6",
    "https://esm.sh/v110/@algolia/autocomplete-preset-algolia@1.7.4/dist/esm/highlight/index.d.ts": "7fea740afccddbf5c932b6d560621fc771cacc022188189f3c9abb5efa9cd845",
    "https://esm.sh/v110/@algolia/autocomplete-preset-algolia@1.7.4/dist/esm/highlight/parseAlgoliaHitHighlight.d.ts": "141e8358c5c12e3b7157f328fad918aa1db523f06bf4eb43c24b3630a3560c76",
    "https://esm.sh/v110/@algolia/autocomplete-preset-algolia@1.7.4/dist/esm/highlight/parseAlgoliaHitReverseHighlight.d.ts": "c3a554c537d22e486704af96add53ed195d516a58cab47b350e10c5209ff535d",
    "https://esm.sh/v110/@algolia/autocomplete-preset-algolia@1.7.4/dist/esm/highlight/parseAlgoliaHitReverseSnippet.d.ts": "1099ecdb12f409ec783beedbcb610514d4a1000cb55e634d051f2dacb1566a9a",
    "https://esm.sh/v110/@algolia/autocomplete-preset-algolia@1.7.4/dist/esm/highlight/parseAlgoliaHitSnippet.d.ts": "78035018bd178fb188bca70c9f9aa2b460d8a3538ac7264aa97f87b86f6e392b",
    "https://esm.sh/v110/@algolia/autocomplete-preset-algolia@1.7.4/dist/esm/index.d.ts": "872074e5ee51f85098de929451e8cffd02851265901755ba974ea6bd5af84cb6",
    "https://esm.sh/v110/@algolia/autocomplete-preset-algolia@1.7.4/dist/esm/requester/createRequester.d.ts": "8482935608ee44b702dfbb6274de6620f1e7bb9d1b6bdd15e06d4adf23f3138c",
    "https://esm.sh/v110/@algolia/autocomplete-preset-algolia@1.7.4/dist/esm/requester/getAlgoliaFacets.d.ts": "e2ea5b400782f3268b6af5ced20c88847a37d1ef1db14f38ba3fdd5a95224449",
    "https://esm.sh/v110/@algolia/autocomplete-preset-algolia@1.7.4/dist/esm/requester/getAlgoliaResults.d.ts": "4d4fba44834f6fae648f2334c720a5da07ee98160d2f37b9c6d21be83d1c9008",
    "https://esm.sh/v110/@algolia/autocomplete-preset-algolia@1.7.4/dist/esm/requester/index.d.ts": "c8e863bdf6bfa3b063b54e964ced4d57d70d1b31a979fc42c8c38ac83c5fc7a9",
    "https://esm.sh/v110/@algolia/autocomplete-preset-algolia@1.7.4/dist/esm/search/fetchAlgoliaResults.d.ts": "adc4e6ba6b3beeb4c1199299a5eaca9156d13a94b8885d9af78c010458b5089c",
    "https://esm.sh/v110/@algolia/autocomplete-preset-algolia@1.7.4/dist/esm/search/index.d.ts": "9107282b353752de9785de93e464ef6a5a4e0bb854d52b933476366fab2ed485",
    "https://esm.sh/v110/@algolia/autocomplete-preset-algolia@1.7.4/dist/esm/types/algoliasearch.d.ts": "cc5f67c64c8e08ce56c771aec14ea2071522d106fc8a28c04ccbb4b84ce96e94",
    "https://esm.sh/v110/@algolia/autocomplete-preset-algolia@1.7.4/dist/esm/types/index.d.ts": "daa7e2cfaea67177bf010a52459a58eaf3f32957a7205688a56e35764f0e1634",
    "https://esm.sh/v110/@algolia/autocomplete-shared@1.7.4/dist/esm/MaybePromise.d.ts": "3dbb82e6d1939fd00d094294131318197172ddcf73ba7f522566e53ef48cac1a",
    "https://esm.sh/v110/@algolia/autocomplete-shared@1.7.4/dist/esm/UserAgent.d.ts": "0ca29fde337113b172465f521f068014dd251fb0c9f02ffdd30a0732f4431ab1",
    "https://esm.sh/v110/@algolia/autocomplete-shared@1.7.4/dist/esm/createRef.d.ts": "abeaa9cbff1c48b5cbdf78b8ed5e33610febb7ccc16bc38c9e2a1a16fdac1971",
    "https://esm.sh/v110/@algolia/autocomplete-shared@1.7.4/dist/esm/debounce.d.ts": "aaa136ac0f40f4f0a6fc7d14a90dc900126ef9ffcc496d4518247be5d7d78360",
    "https://esm.sh/v110/@algolia/autocomplete-shared@1.7.4/dist/esm/decycle.d.ts": "bc7b0556d2f2f9f165b6da77ef8a75f138331efe892d422d5156a450f39d3f41",
    "https://esm.sh/v110/@algolia/autocomplete-shared@1.7.4/dist/esm/flatten.d.ts": "3874da82aeb3439bb276c5f3fe20be2a9894b49126377fcb66b3bd0802e1ecec",
    "https://esm.sh/v110/@algolia/autocomplete-shared@1.7.4/dist/esm/generateAutocompleteId.d.ts": "40b21c32d6093f70ddb6749d8d99327de738bfa8eaeb2a5057b8fc2740551de0",
    "https://esm.sh/v110/@algolia/autocomplete-shared@1.7.4/dist/esm/getAttributeValueByPath.d.ts": "5f69fcb9616417e98623405db8f16c5f4172ef5d3715312f16cbfec301f12f3e",
    "https://esm.sh/v110/@algolia/autocomplete-shared@1.7.4/dist/esm/getItemsCount.d.ts": "4132c088cd466d5895e66a689733121acacf10452d801417938beceb100c975a",
    "https://esm.sh/v110/@algolia/autocomplete-shared@1.7.4/dist/esm/index.d.ts": "703ee2b065ad15aed2165cee6d9a0a35c2c390ac96b56c146d172838753f61d7",
    "https://esm.sh/v110/@algolia/autocomplete-shared@1.7.4/dist/esm/invariant.d.ts": "6b09a6d9b795845c16a5bef92160442e61320ca55ceef9f852409ae27e1cf49a",
    "https://esm.sh/v110/@algolia/autocomplete-shared@1.7.4/dist/esm/isEqual.d.ts": "c6debb6cef57d1d3020160759e3ff94df73ad12cfb63d2e95164f67510b130be",
    "https://esm.sh/v110/@algolia/autocomplete-shared@1.7.4/dist/esm/noop.d.ts": "311f919487e8c40f67cba3784a9af8c2adfb79eb01bd8bc821cc07a565c0b148",
    "https://esm.sh/v110/@algolia/autocomplete-shared@1.7.4/dist/esm/userAgents.d.ts": "529cf338bc74beb95a0778f2f17178ad78409ef6523840f9ede2079de3ecdc2b",
    "https://esm.sh/v110/@algolia/autocomplete-shared@1.7.4/dist/esm/version.d.ts": "43b8ccb682b81d9f5fc12d216b1e8c139b266a375d6fa5cea49a94cf4bc2a03b",
    "https://esm.sh/v110/@algolia/autocomplete-shared@1.7.4/dist/esm/warn.d.ts": "3f81a9cdd412c1048d9c25535b9df0b463997d6cd88df0a0a91d4f42efd7af72",
    "https://esm.sh/v110/@algolia/cache-common@4.15.0/dist/cache-common.d.ts": "45fb79150b0604dbc444b470966a55d9ce8feac56f01ceaa5060310377aaf26e",
    "https://esm.sh/v110/@algolia/client-common@4.15.0/dist/client-common.d.ts": "ed76b537f0c4c9d10bd7b5d4a9d560ca540d2b2a43efe0c519fbe8653b5ccc86",
    "https://esm.sh/v110/@algolia/client-search@4.15.0/dist/client-search.d.ts": "095a4fa0c55ae8132fc81ada16fcc7e1bcc922c9e7b012dc6cdeac27551c91a1",
    "https://esm.sh/v110/@algolia/logger-common@4.15.0/dist/logger-common.d.ts": "41d92b194103eefb5b180e369946f414c0dbfff53ecbd67073eb95b4ddc02ab1",
    "https://esm.sh/v110/@algolia/requester-common@4.15.0/dist/requester-common.d.ts": "7cb97a8ec01b68d1d2dcc328003b6ebfe7e4c4c1ac0f6694caca5253726ba6d2",
    "https://esm.sh/v110/@algolia/transporter@4.15.0/dist/transporter.d.ts": "ccc8eb32da17c174cbda6455ee275357aee7db658b91af6cf8730551c3eb2b91",
    "https://esm.sh/v110/@docsearch/js@3.3.3/deno/js.js": "1ed5c1b4e68824fb93db0245875b84f41f059d43d0620468e78d123d4c20b8c2",
    "https://esm.sh/v110/@docsearch/js@3.3.3/dist/esm/docsearch.d.ts": "7801b1a39ec306c5563be2f864c0d58663181aa6e91b22e8689d66448e433654",
    "https://esm.sh/v110/@docsearch/js@3.3.3/dist/esm/index.d.ts": "89e2aa34d993d7b9fd7494a003e6872b5ff1c5f57f3ae07f23fed8ceaedfd980",
    "https://esm.sh/v110/@docsearch/react@3.3.3/dist/esm/DocSearch.d.ts": "8a001cf16aba007276f517df6859f226a87462343c3ad9ab2facdd86acf01ab1",
    "https://esm.sh/v110/@docsearch/react@3.3.3/dist/esm/DocSearchButton.d.ts": "09e33a92102d90b992220e7fe459afb9e0057f1a5f1e276a928ae41cacc010d4",
    "https://esm.sh/v110/@docsearch/react@3.3.3/dist/esm/DocSearchModal.d.ts": "2d32c5348d99e1c3f37be7577df8499ca2067852af48296754803698b5902edc",
    "https://esm.sh/v110/@docsearch/react@3.3.3/dist/esm/ErrorScreen.d.ts": "2b5227c821547fdfafc575f227b278ef6910acea7f40d86d74c12ef68ab8154d",
    "https://esm.sh/v110/@docsearch/react@3.3.3/dist/esm/Footer.d.ts": "b59b9dbf8eba83e356c479153f18703652a6d90a7d74889c8ee1f406b94173a5",
    "https://esm.sh/v110/@docsearch/react@3.3.3/dist/esm/NoResultsScreen.d.ts": "103fbbef5b4b5474a991735e4eb4594cdd9878c9e4c2a39370f540bd8d34a669",
    "https://esm.sh/v110/@docsearch/react@3.3.3/dist/esm/ScreenState.d.ts": "aeba324aa248a85c395180ee31c22af69523ccedab89cb95005c49da77a00259",
    "https://esm.sh/v110/@docsearch/react@3.3.3/dist/esm/SearchBox.d.ts": "baa3ba6fa23921fd98b618cb0806fc21f8bba4e645dce75243852ccccab1fdf7",
    "https://esm.sh/v110/@docsearch/react@3.3.3/dist/esm/StartScreen.d.ts": "c752a3e951510ebd813bb1b3649201c5b59cf5c698052e4ba4c8e8fab2015bb2",
    "https://esm.sh/v110/@docsearch/react@3.3.3/dist/esm/index.d.ts": "18d0bc9f962333ba026c8f56dceea9296fb8f1ef413bc3fbe23a44186e42e5e5",
    "https://esm.sh/v110/@docsearch/react@3.3.3/dist/esm/stored-searches.d.ts": "dc825b3cf7ea6b1045cc6336fd8becd71fc4d25bf877c68e6b80372482884b32",
    "https://esm.sh/v110/@docsearch/react@3.3.3/dist/esm/types/DocSearchHit.d.ts": "897e618772b64ec3d305abdd617952cafd917b45a8e9e2d7a8b20ce80b621fd2",
    "https://esm.sh/v110/@docsearch/react@3.3.3/dist/esm/types/InternalDocSearchHit.d.ts": "c8c6cff8ff71536c51c71435e8e29df5ed83e87fdedaa3c5743d8f6380e990cd",
    "https://esm.sh/v110/@docsearch/react@3.3.3/dist/esm/types/StoredDocSearchHit.d.ts": "5edf5a04f7afd1e722d948caf62b23b8312c5d0942e0fe1c4db3477210e43cc6",
    "https://esm.sh/v110/@docsearch/react@3.3.3/dist/esm/types/index.d.ts": "ea3711496e95a013934d5f6915b9df5d093e372ec92e8eaa94b4cc14f9aeac06",
    "https://esm.sh/v110/@docsearch/react@3.3.3/dist/esm/useDocSearchKeyboardEvents.d.ts": "c0c5372919911401a315ff17179d9d99833f4527ce947056d3d0568c1a5df9ce",
    "https://esm.sh/v110/@docsearch/react@3.3.3/dist/esm/version.d.ts": "e8fee737f53c6b28b09749547151a46bba572479eae4ce9945f0578d924423ed",
    "https://esm.sh/v110/@types/he@1.2.0/index.d.ts": "baaae0918f67a340020b36c4499d5e4abfc153e0f93e3263054ebc1c1a1fe3bc",
    "https://esm.sh/v110/@types/prismjs@1.26.0/index.d.ts": "6484309596f594ae824513336bd2a2e04a1902b06bb149fa904f5cae5fbe5c50",
    "https://esm.sh/v110/@types/prop-types@15.7.5/index.d.ts": "6a386ff939f180ae8ef064699d8b7b6e62bc2731a62d7fbf5e02589383838dea",
    "https://esm.sh/v110/@types/react@18.0.28/global.d.ts": "bbdf156fea2fabed31a569445835aeedcc33643d404fcbaa54541f06c109df3f",
    "https://esm.sh/v110/@types/react@18.0.28/index.d.ts": "5be346394a196841ab867c1ce1cab2365a814054f9672f5a0bc03cbc65eb2e5a",
    "https://esm.sh/v110/@types/scheduler@0.16.2/tracing.d.ts": "f5a8b384f182b3851cec3596ccc96cb7464f8d3469f48c74bf2befb782a19de5",
    "https://esm.sh/v110/algoliasearch@4.15.0/dist/algoliasearch-lite.d.ts": "a4deea3e3d06ff88944fcffb924a5e50a402335c69d451f94b4505c9debca7ed",
    "https://esm.sh/v110/algoliasearch@4.15.0/lite.d.ts": "46043b979b39dfcb6273df79f6847eb6e849711a15168e5e2358f29a7dd61dfa",
    "https://esm.sh/v110/csstype@3.1.1/index.d.ts": "1c29793071152b207c01ea1954e343be9a44d85234447b2b236acae9e709a383",
    "https://esm.sh/v110/he@1.2.0/deno/he.js": "b5b6eb0137122f188e9894eff10dc5457ac3c4a8e53fe3b885f91f37e9505911",
    "https://esm.sh/v110/prismjs@1.27.0/deno/components/prism-typescript.js": "bc573222274e6e015026f6a03ecb721e28afb92e93b864e2e6a7866023596993",
    "https://esm.sh/v110/prismjs@1.27.0/deno/prismjs.js": "d2e12704c22e40aa4f10084a8b9350f246b6e8cbc9b4301cb927d60b652202cc",
    "https://esm.sh/v112/preact-render-to-string@5.2.6/X-ZS8q/deno/preact-render-to-string.mjs": "672116885c5e5072207c527a0ec663f5bc52774a0868ec487985109520382a55",
    "https://esm.sh/v112/preact-render-to-string@5.2.6/X-ZS8q/src/index.d.ts": "b1d73703252c8570fdf2952475805f5808ba3511fefbd93a3e7bd8406de7dcd0",
    "https://esm.sh/v112/preact@10.13.1/hooks/src/index.d.ts": "5c29febb624fc25d71cb0e125848c9b711e233337a08f7eacfade38fd4c14cc3",
    "https://esm.sh/v112/preact@10.13.1/jsx-runtime/src/index.d.ts": "e153460ed2b3fe2ad8b93696ecd48fbf73cd628b0b0ea6692b71804a3af69dfd",
    "https://esm.sh/v112/preact@10.13.1/src/index.d.ts": "65398710de6aa0a07412da79784e05e6e96763f51c7c91b77344d2d0af06385c",
    "https://esm.sh/v112/preact@10.13.1/src/jsx.d.ts": "fde41cfb4944bcc5005e653c989ef8f85deb1cbb5364a1726654993937cd08d0",
    "https://esm.sh/v112/prismjs@1.29.0/deno/components/prism-diff.js": "e9b9a54b6424a1c4c950911b212898e83a3b9e11ff70ce6d6a7b0901ec7c9d85",
    "https://esm.sh/v112/prismjs@1.29.0/deno/components/prism-jsx.js": "0cd8e805ed8ee22b4885f97e0a3763507e413b5e348224993ed11a8d31b67d57",
    "https://esm.sh/v112/prismjs@1.29.0/deno/components/prism-tsx.js": "14a2e71f9efc555a851e33bb488fdacc6c2e438da174aee0eb3e0f0eb66759d0",
    "https://esm.sh/v112/prismjs@1.29.0/deno/components/prism-typescript.js": "16b9d68bb1018f3f8aba400cba034a58aff1424c8846210103e7ea9e7ba970f3",
    "https://esm.sh/v113/@preact/signals-core@1.2.3/deno/signals-core.mjs": "c2787059fe616fcc0504a99a77930723c582d2630cae69db695a8765d8ed426e",
    "https://esm.sh/v113/@preact/signals-core@1.2.3/dist/signals-core.d.ts": "e39c59670049b772b2c7748907af01f4fb5d5706b88fa8266d9135925ca5baf7",
    "https://esm.sh/v113/@preact/signals@1.1.3/X-ZS8q/deno/signals.mjs": "9107036efc63362c0d88965534957e5c9e3cc4c6da6f10f7a7dcb3e8a29fb624",
    "https://esm.sh/v113/@preact/signals@1.1.3/X-ZS8q/dist/signals.d.ts": "2c766d8d5911bcbb1aac4ac1da8965e830c54bcb96da8feb4f4b3e5dcd9ee02c",
    "https://raw.githubusercontent.com/denoland/ga4/main/mod.ts": "36f72ba1c90b5ebdb811427f367cd95fa6772d2de2fb45d6e57550501ee6d476",
    "https://raw.githubusercontent.com/lucacasonato/esbuild_deno_loader/8031f71afa1bbcd3237a94b11f53a2e5c5c0e7bf/deps.ts": "b7248e5b750be62613a9417f407e65ed43726d83b11f9631d6dbb58634bbd7d1",
    "https://raw.githubusercontent.com/lucacasonato/esbuild_deno_loader/8031f71afa1bbcd3237a94b11f53a2e5c5c0e7bf/mod.ts": "3e507379372361162f93325a216b86f6098defb5bb60144555b507bca26d061f",
    "https://raw.githubusercontent.com/lucacasonato/esbuild_deno_loader/8031f71afa1bbcd3237a94b11f53a2e5c5c0e7bf/src/deno.ts": "71bee6b14e72ca193c0686d8b4f1f47d639a64745b6f5c7576f7a3616f436f57",
    "https://raw.githubusercontent.com/lucacasonato/esbuild_deno_loader/8031f71afa1bbcd3237a94b11f53a2e5c5c0e7bf/src/native_loader.ts": "2a0f5a7b68a57c4651ad48161b32532356b434597a6cf282683427482b38f6fa",
    "https://raw.githubusercontent.com/lucacasonato/esbuild_deno_loader/8031f71afa1bbcd3237a94b11f53a2e5c5c0e7bf/src/portable_loader.ts": "47adb6d9a00f13a87d0a15f2af79118eb93503234008c31392d71270bc0a42fa",
    "https://raw.githubusercontent.com/lucacasonato/esbuild_deno_loader/8031f71afa1bbcd3237a94b11f53a2e5c5c0e7bf/src/shared.ts": "007e8d575cb6ebcac4110f1f72188a8bec3aa29287b4ad26e98403c00bebf036"
  }
}
