{
  "version": "3",
  "packages": {
    "specifiers": {
      "jsr:@fresh/core@^2.0.0-alpha.18": "jsr:@fresh/core@2.0.0-alpha.18",
      "jsr:@std/assert@^0.226.0": "jsr:@std/assert@0.226.0",
      "jsr:@std/encoding@^1.0.0-rc.1": "jsr:@std/encoding@1.0.0-rc.2",
      "jsr:@std/fmt@^0.225.3": "jsr:@std/fmt@0.225.4",
      "jsr:@std/fs@^0.229.1": "jsr:@std/fs@0.229.3",
      "jsr:@std/html@^0.224.2": "jsr:@std/html@0.224.2",
      "jsr:@std/media-types@^1.0.0-rc.1": "jsr:@std/media-types@1.0.0",
      "jsr:@std/path@1.0.0-rc.1": "jsr:@std/path@1.0.0-rc.1",
      "jsr:@std/path@^0.225.2": "jsr:@std/path@0.225.2",
      "npm:@preact/signals@^1.2.3": "npm:@preact/signals@1.2.3_preact@10.22.0",
      "npm:preact-render-to-string@^6.4.2": "npm:preact-render-to-string@6.5.3_preact@10.22.0",
      "npm:preact@^10.22.0": "npm:preact@10.22.0",
      "npm:preact@^10.24.1": "npm:preact@10.24.1"
    },
    "jsr": {
      "@fresh/core@2.0.0-alpha.18": {
        "integrity": "94a8d31ba6571cfad60dc676a3cfe0d053932cb3173675b915f2db5bbf65c08f",
        "dependencies": [
          "jsr:@std/encoding@^1.0.0-rc.1",
          "jsr:@std/fmt@^0.225.3",
          "jsr:@std/fs@^0.229.1",
          "jsr:@std/html@^0.224.2",
          "jsr:@std/media-types@^1.0.0-rc.1",
          "jsr:@std/path@^0.225.2",
          "npm:@preact/signals@^1.2.3",
          "npm:preact-render-to-string@^6.4.2",
          "npm:preact@^10.22.0"
        ]
      },
      "@std/assert@0.226.0": {
        "integrity": "0dfb5f7c7723c18cec118e080fec76ce15b4c31154b15ad2bd74822603ef75b3"
      },
      "@std/encoding@1.0.0-rc.2": {
        "integrity": "160d7674a20ebfbccdf610b3801fee91cf6e42d1c106dd46bbaf46e395cd35ef"
      },
      "@std/fmt@0.225.4": {
        "integrity": "584c681cf422b70e28959b57e59012823609c087384cbf12d05f67814797fda3"
      },
      "@std/fs@0.229.3": {
        "integrity": "783bca21f24da92e04c3893c9e79653227ab016c48e96b3078377ebd5222e6eb",
        "dependencies": [
          "jsr:@std/path@1.0.0-rc.1"
        ]
      },
      "@std/html@0.224.2": {
        "integrity": "2f7bfd71081fad988af9ce991750ed1574917dc8e6fae0e151987ea020d1e21a"
      },
      "@std/media-types@1.0.0": {
        "integrity": "58ff81ce1f7af8c46304a52482db804c42936492daad19c0bd5d887832737d2b"
      },
      "@std/path@0.225.2": {
        "integrity": "0f2db41d36b50ef048dcb0399aac720a5348638dd3cb5bf80685bf2a745aa506",
        "dependencies": [
          "jsr:@std/assert@^0.226.0"
        ]
      },
      "@std/path@1.0.0-rc.1": {
        "integrity": "b8c00ae2f19106a6bb7cbf1ab9be52aa70de1605daeb2dbdc4f87a7cbaf10ff6"
      }
    },
    "npm": {
      "@preact/signals-core@1.6.0": {
        "integrity": "sha512-O/XGxwP85h1F7+ouqTMOIZ3+V1whfaV9ToIVcuyGriD4JkSD00cQo54BKdqjvBJxbenvp7ynfqRHEwI6e+NIhw==",
        "dependencies": {}
      },
      "@preact/signals@1.2.3_preact@10.22.0": {
        "integrity": "sha512-M2DXse3Wi8HwjI1d2vQWOLJ3lHogvqTsJYvl4ofXRXgMFQzJ7kmlZvlt5i8x5S5VwgZu0ghru4HkLqOoFfU2JQ==",
        "dependencies": {
          "@preact/signals-core": "@preact/signals-core@1.6.0",
          "preact": "preact@10.22.0"
        }
      },
      "preact-render-to-string@6.5.3_preact@10.22.0": {
        "integrity": "sha512-TWRSivNYMB3DMcFvrhwdGFkfSvPhUkd5r1q5q+1oQA21wnfEaxJe2X5U1BqLsuOA/v79sFRkg+qSeDkMHOqdvQ==",
        "dependencies": {
          "preact": "preact@10.22.0"
        }
      },
      "preact@10.22.0": {
        "integrity": "sha512-RRurnSjJPj4rp5K6XoP45Ui33ncb7e4H7WiOHVpjbkvqvA3U+N8Z6Qbo0AE6leGYBV66n8EhEaFixvIu3SkxFw==",
        "dependencies": {}
      },
      "preact@10.24.1": {
        "integrity": "sha512-PnBAwFI3Yjxxcxw75n6VId/5TFxNW/81zexzWD9jn1+eSrOP84NdsS38H5IkF/UH3frqRPT+MvuCoVHjTDTnDw==",
        "dependencies": {}
      }
    }
  },
  "remote": {},
  "workspace": {
    "dependencies": [
      "jsr:@fresh/core@^2.0.0-alpha.18",
      "npm:@preact/signals@^1.2.3",
      "npm:preact@^10.22.0"
    ]
  }
}
